// !$*UTF8*$!
{
	archiveVersion = 1;
	classes = {
	};
	objectVersion = 46;
	objects = {

/* Begin PBXBuildFile section */
		FE5B4C9C18CA830600409CA5 /* home-7.png in Resources */ = {isa = PBXBuildFile; fileRef = FE5B4C9B18CA830600409CA5 /* home-7.png */; };
		FE5B4C9E18CA831300409CA5 /* config30x30.png in Resources */ = {isa = PBXBuildFile; fileRef = FE5B4C9D18CA831300409CA5 /* config30x30.png */; };
		FE5B4CA118CA86A900409CA5 /* BTResultsVC.m in Sources */ = {isa = PBXBuildFile; fileRef = FE5B4CA018CA86A900409CA5 /* BTResultsVC.m */; };
		FE5B4CA418CBE03900409CA5 /* BrainTest.xcdatamodeld in Sources */ = {isa = PBXBuildFile; fileRef = FE5B4CA218CBE03900409CA5 /* BrainTest.xcdatamodeld */; };
		FE5B4CA718CBE5C900409CA5 /* SharedDocumentHandler.m in Sources */ = {isa = PBXBuildFile; fileRef = FE5B4CA618CBE5C900409CA5 /* SharedDocumentHandler.m */; };
		FE5B4CAB18CBE60A00409CA5 /* CoreDataTableViewController.m in Sources */ = {isa = PBXBuildFile; fileRef = FE5B4CAA18CBE60A00409CA5 /* CoreDataTableViewController.m */; };
		FE5B4CAD18CBEE0C00409CA5 /* CoreData.framework in Frameworks */ = {isa = PBXBuildFile; fileRef = FE5B4CAC18CBEE0C00409CA5 /* CoreData.framework */; };
		FE9148CA18C7CE8B00A694B5 /* Foundation.framework in Frameworks */ = {isa = PBXBuildFile; fileRef = FE9148C918C7CE8B00A694B5 /* Foundation.framework */; };
		FE9148CC18C7CE8B00A694B5 /* CoreGraphics.framework in Frameworks */ = {isa = PBXBuildFile; fileRef = FE9148CB18C7CE8B00A694B5 /* CoreGraphics.framework */; };
		FE9148CE18C7CE8B00A694B5 /* UIKit.framework in Frameworks */ = {isa = PBXBuildFile; fileRef = FE9148CD18C7CE8B00A694B5 /* UIKit.framework */; };
		FE9148D418C7CE8B00A694B5 /* InfoPlist.strings in Resources */ = {isa = PBXBuildFile; fileRef = FE9148D218C7CE8B00A694B5 /* InfoPlist.strings */; };
		FE9148D618C7CE8B00A694B5 /* main.m in Sources */ = {isa = PBXBuildFile; fileRef = FE9148D518C7CE8B00A694B5 /* main.m */; };
		FE9148DA18C7CE8B00A694B5 /* BTAppDelegate.m in Sources */ = {isa = PBXBuildFile; fileRef = FE9148D918C7CE8B00A694B5 /* BTAppDelegate.m */; };
		FE9148DD18C7CE8B00A694B5 /* Main.storyboard in Resources */ = {isa = PBXBuildFile; fileRef = FE9148DB18C7CE8B00A694B5 /* Main.storyboard */; };
		FE9148E018C7CE8B00A694B5 /* BTScoreKeeperVC.m in Sources */ = {isa = PBXBuildFile; fileRef = FE9148DF18C7CE8B00A694B5 /* BTScoreKeeperVC.m */; };
		FE9148E318C7CE8B00A694B5 /* BTSettingsVC.m in Sources */ = {isa = PBXBuildFile; fileRef = FE9148E218C7CE8B00A694B5 /* BTSettingsVC.m */; };
		FE9148E518C7CE8B00A694B5 /* Images.xcassets in Resources */ = {isa = PBXBuildFile; fileRef = FE9148E418C7CE8B00A694B5 /* Images.xcassets */; };
		FE9148EC18C7CE8B00A694B5 /* XCTest.framework in Frameworks */ = {isa = PBXBuildFile; fileRef = FE9148EB18C7CE8B00A694B5 /* XCTest.framework */; };
		FE9148ED18C7CE8B00A694B5 /* Foundation.framework in Frameworks */ = {isa = PBXBuildFile; fileRef = FE9148C918C7CE8B00A694B5 /* Foundation.framework */; };
		FE9148EE18C7CE8B00A694B5 /* UIKit.framework in Frameworks */ = {isa = PBXBuildFile; fileRef = FE9148CD18C7CE8B00A694B5 /* UIKit.framework */; };
		FE9148F618C7CE8B00A694B5 /* InfoPlist.strings in Resources */ = {isa = PBXBuildFile; fileRef = FE9148F418C7CE8B00A694B5 /* InfoPlist.strings */; };
		FE9148F818C7CE8B00A694B5 /* BrainTrackerTests.m in Sources */ = {isa = PBXBuildFile; fileRef = FE9148F718C7CE8B00A694B5 /* BrainTrackerTests.m */; };
		FE91490318C7D01500A694B5 /* BTStimulus.m in Sources */ = {isa = PBXBuildFile; fileRef = FE91490218C7D01500A694B5 /* BTStimulus.m */; };
		FE91490618C7D02F00A694B5 /* BTResponse.m in Sources */ = {isa = PBXBuildFile; fileRef = FE91490518C7D02F00A694B5 /* BTResponse.m */; };
		FE91490918C7D03F00A694B5 /* BTTimer.m in Sources */ = {isa = PBXBuildFile; fileRef = FE91490818C7D03F00A694B5 /* BTTimer.m */; };
		FE91490C18C7D05A00A694B5 /* BTResultsTracker.m in Sources */ = {isa = PBXBuildFile; fileRef = FE91490B18C7D05A00A694B5 /* BTResultsTracker.m */; };
		FE91491218C7D36500A694B5 /* BTResponseView.m in Sources */ = {isa = PBXBuildFile; fileRef = FE91491118C7D36500A694B5 /* BTResponseView.m */; };
		FE91491518C7D38800A694B5 /* BTStimulusView.m in Sources */ = {isa = PBXBuildFile; fileRef = FE91491418C7D38800A694B5 /* BTStimulusView.m */; };
		FE91491B18CA761D00A694B5 /* Chart_Up@2x.png in Resources */ = {isa = PBXBuildFile; fileRef = FE91491A18CA761D00A694B5 /* Chart_Up@2x.png */; };
		FED2524018CE30A100EEA247 /* BTData.m in Sources */ = {isa = PBXBuildFile; fileRef = FED2523F18CE30A100EEA247 /* BTData.m */; };
		FED57F8C18CF726400B91DEA /* libCorePlot-CocoaTouch.a in Frameworks */ = {isa = PBXBuildFile; fileRef = FED57F8B18CF726400B91DEA /* libCorePlot-CocoaTouch.a */; };
		FED57F8E18CF737200B91DEA /* QuartzCore.framework in Frameworks */ = {isa = PBXBuildFile; fileRef = FED57F8D18CF737200B91DEA /* QuartzCore.framework */; };
		FED57F9118CF757C00B91DEA /* BTChartVC.m in Sources */ = {isa = PBXBuildFile; fileRef = FED57F9018CF757C00B91DEA /* BTChartVC.m */; };
/* End PBXBuildFile section */

/* Begin PBXContainerItemProxy section */
		FE9148EF18C7CE8B00A694B5 /* PBXContainerItemProxy */ = {
			isa = PBXContainerItemProxy;
			containerPortal = FE9148BE18C7CE8B00A694B5 /* Project object */;
			proxyType = 1;
			remoteGlobalIDString = FE9148C518C7CE8B00A694B5;
			remoteInfo = BrainTracker;
		};
/* End PBXContainerItemProxy section */

/* Begin PBXFileReference section */
		FE5B4C9B18CA830600409CA5 /* home-7.png */ = {isa = PBXFileReference; lastKnownFileType = image.png; path = "home-7.png"; sourceTree = "<group>"; };
		FE5B4C9D18CA831300409CA5 /* config30x30.png */ = {isa = PBXFileReference; lastKnownFileType = image.png; path = config30x30.png; sourceTree = "<group>"; };
		FE5B4C9F18CA86A900409CA5 /* BTResultsVC.h */ = {isa = PBXFileReference; fileEncoding = 4; lastKnownFileType = sourcecode.c.h; name = BTResultsVC.h; path = ../BTResultsVC.h; sourceTree = "<group>"; };
		FE5B4CA018CA86A900409CA5 /* BTResultsVC.m */ = {isa = PBXFileReference; fileEncoding = 4; lastKnownFileType = sourcecode.c.objc; name = BTResultsVC.m; path = ../BTResultsVC.m; sourceTree = "<group>"; };
		FE5B4CA318CBE03900409CA5 /* BrainTest.xcdatamodel */ = {isa = PBXFileReference; lastKnownFileType = wrapper.xcdatamodel; path = BrainTest.xcdatamodel; sourceTree = "<group>"; };
		FE5B4CA518CBE5C900409CA5 /* SharedDocumentHandler.h */ = {isa = PBXFileReference; fileEncoding = 4; lastKnownFileType = sourcecode.c.h; path = SharedDocumentHandler.h; sourceTree = "<group>"; };
		FE5B4CA618CBE5C900409CA5 /* SharedDocumentHandler.m */ = {isa = PBXFileReference; fileEncoding = 4; lastKnownFileType = sourcecode.c.objc; path = SharedDocumentHandler.m; sourceTree = "<group>"; };
		FE5B4CA918CBE60A00409CA5 /* CoreDataTableViewController.h */ = {isa = PBXFileReference; fileEncoding = 4; lastKnownFileType = sourcecode.c.h; path = CoreDataTableViewController.h; sourceTree = "<group>"; };
		FE5B4CAA18CBE60A00409CA5 /* CoreDataTableViewController.m */ = {isa = PBXFileReference; fileEncoding = 4; lastKnownFileType = sourcecode.c.objc; path = CoreDataTableViewController.m; sourceTree = "<group>"; };
		FE5B4CAC18CBEE0C00409CA5 /* CoreData.framework */ = {isa = PBXFileReference; lastKnownFileType = wrapper.framework; name = CoreData.framework; path = System/Library/Frameworks/CoreData.framework; sourceTree = SDKROOT; };
		FE9148C618C7CE8B00A694B5 /* BrainTracker.app */ = {isa = PBXFileReference; explicitFileType = wrapper.application; includeInIndex = 0; path = BrainTracker.app; sourceTree = BUILT_PRODUCTS_DIR; };
		FE9148C918C7CE8B00A694B5 /* Foundation.framework */ = {isa = PBXFileReference; lastKnownFileType = wrapper.framework; name = Foundation.framework; path = System/Library/Frameworks/Foundation.framework; sourceTree = SDKROOT; };
		FE9148CB18C7CE8B00A694B5 /* CoreGraphics.framework */ = {isa = PBXFileReference; lastKnownFileType = wrapper.framework; name = CoreGraphics.framework; path = System/Library/Frameworks/CoreGraphics.framework; sourceTree = SDKROOT; };
		FE9148CD18C7CE8B00A694B5 /* UIKit.framework */ = {isa = PBXFileReference; lastKnownFileType = wrapper.framework; name = UIKit.framework; path = System/Library/Frameworks/UIKit.framework; sourceTree = SDKROOT; };
		FE9148D118C7CE8B00A694B5 /* BrainTracker-Info.plist */ = {isa = PBXFileReference; lastKnownFileType = text.plist.xml; path = "BrainTracker-Info.plist"; sourceTree = "<group>"; };
		FE9148D318C7CE8B00A694B5 /* en */ = {isa = PBXFileReference; lastKnownFileType = text.plist.strings; name = en; path = en.lproj/InfoPlist.strings; sourceTree = "<group>"; };
		FE9148D518C7CE8B00A694B5 /* main.m */ = {isa = PBXFileReference; lastKnownFileType = sourcecode.c.objc; path = main.m; sourceTree = "<group>"; };
		FE9148D718C7CE8B00A694B5 /* BrainTracker-Prefix.pch */ = {isa = PBXFileReference; lastKnownFileType = sourcecode.c.h; path = "BrainTracker-Prefix.pch"; sourceTree = "<group>"; };
		FE9148D818C7CE8B00A694B5 /* BTAppDelegate.h */ = {isa = PBXFileReference; lastKnownFileType = sourcecode.c.h; path = BTAppDelegate.h; sourceTree = "<group>"; };
		FE9148D918C7CE8B00A694B5 /* BTAppDelegate.m */ = {isa = PBXFileReference; lastKnownFileType = sourcecode.c.objc; path = BTAppDelegate.m; sourceTree = "<group>"; };
		FE9148DC18C7CE8B00A694B5 /* Base */ = {isa = PBXFileReference; lastKnownFileType = file.storyboard; name = Base; path = Base.lproj/Main.storyboard; sourceTree = "<group>"; };
		FE9148DE18C7CE8B00A694B5 /* BTScoreKeeperVC.h */ = {isa = PBXFileReference; lastKnownFileType = sourcecode.c.h; path = BTScoreKeeperVC.h; sourceTree = "<group>"; };
		FE9148DF18C7CE8B00A694B5 /* BTScoreKeeperVC.m */ = {isa = PBXFileReference; lastKnownFileType = sourcecode.c.objc; path = BTScoreKeeperVC.m; sourceTree = "<group>"; };
		FE9148E118C7CE8B00A694B5 /* BTSettingsVC.h */ = {isa = PBXFileReference; lastKnownFileType = sourcecode.c.h; path = BTSettingsVC.h; sourceTree = "<group>"; };
		FE9148E218C7CE8B00A694B5 /* BTSettingsVC.m */ = {isa = PBXFileReference; lastKnownFileType = sourcecode.c.objc; path = BTSettingsVC.m; sourceTree = "<group>"; };
		FE9148E418C7CE8B00A694B5 /* Images.xcassets */ = {isa = PBXFileReference; lastKnownFileType = folder.assetcatalog; path = Images.xcassets; sourceTree = "<group>"; };
		FE9148EA18C7CE8B00A694B5 /* BrainTrackerTests.xctest */ = {isa = PBXFileReference; explicitFileType = wrapper.cfbundle; includeInIndex = 0; path = BrainTrackerTests.xctest; sourceTree = BUILT_PRODUCTS_DIR; };
		FE9148EB18C7CE8B00A694B5 /* XCTest.framework */ = {isa = PBXFileReference; lastKnownFileType = wrapper.framework; name = XCTest.framework; path = Library/Frameworks/XCTest.framework; sourceTree = DEVELOPER_DIR; };
		FE9148F318C7CE8B00A694B5 /* BrainTrackerTests-Info.plist */ = {isa = PBXFileReference; lastKnownFileType = text.plist.xml; path = "BrainTrackerTests-Info.plist"; sourceTree = "<group>"; };
		FE9148F518C7CE8B00A694B5 /* en */ = {isa = PBXFileReference; lastKnownFileType = text.plist.strings; name = en; path = en.lproj/InfoPlist.strings; sourceTree = "<group>"; };
		FE9148F718C7CE8B00A694B5 /* BrainTrackerTests.m */ = {isa = PBXFileReference; lastKnownFileType = sourcecode.c.objc; path = BrainTrackerTests.m; sourceTree = "<group>"; };
		FE91490118C7D01500A694B5 /* BTStimulus.h */ = {isa = PBXFileReference; fileEncoding = 4; lastKnownFileType = sourcecode.c.h; path = BTStimulus.h; sourceTree = "<group>"; };
		FE91490218C7D01500A694B5 /* BTStimulus.m */ = {isa = PBXFileReference; fileEncoding = 4; lastKnownFileType = sourcecode.c.objc; path = BTStimulus.m; sourceTree = "<group>"; };
		FE91490418C7D02F00A694B5 /* BTResponse.h */ = {isa = PBXFileReference; fileEncoding = 4; lastKnownFileType = sourcecode.c.h; path = BTResponse.h; sourceTree = "<group>"; };
		FE91490518C7D02F00A694B5 /* BTResponse.m */ = {isa = PBXFileReference; fileEncoding = 4; lastKnownFileType = sourcecode.c.objc; path = BTResponse.m; sourceTree = "<group>"; };
		FE91490718C7D03F00A694B5 /* BTTimer.h */ = {isa = PBXFileReference; fileEncoding = 4; lastKnownFileType = sourcecode.c.h; path = BTTimer.h; sourceTree = "<group>"; };
		FE91490818C7D03F00A694B5 /* BTTimer.m */ = {isa = PBXFileReference; fileEncoding = 4; lastKnownFileType = sourcecode.c.objc; path = BTTimer.m; sourceTree = "<group>"; };
		FE91490A18C7D05A00A694B5 /* BTResultsTracker.h */ = {isa = PBXFileReference; fileEncoding = 4; lastKnownFileType = sourcecode.c.h; path = BTResultsTracker.h; sourceTree = "<group>"; };
		FE91490B18C7D05A00A694B5 /* BTResultsTracker.m */ = {isa = PBXFileReference; fileEncoding = 4; lastKnownFileType = sourcecode.c.objc; path = BTResultsTracker.m; sourceTree = "<group>"; };
		FE91491018C7D36500A694B5 /* BTResponseView.h */ = {isa = PBXFileReference; fileEncoding = 4; lastKnownFileType = sourcecode.c.h; path = BTResponseView.h; sourceTree = "<group>"; };
		FE91491118C7D36500A694B5 /* BTResponseView.m */ = {isa = PBXFileReference; fileEncoding = 4; lastKnownFileType = sourcecode.c.objc; path = BTResponseView.m; sourceTree = "<group>"; };
		FE91491318C7D38800A694B5 /* BTStimulusView.h */ = {isa = PBXFileReference; fileEncoding = 4; lastKnownFileType = sourcecode.c.h; path = BTStimulusView.h; sourceTree = "<group>"; };
		FE91491418C7D38800A694B5 /* BTStimulusView.m */ = {isa = PBXFileReference; fileEncoding = 4; lastKnownFileType = sourcecode.c.objc; path = BTStimulusView.m; sourceTree = "<group>"; };
		FE91491A18CA761D00A694B5 /* Chart_Up@2x.png */ = {isa = PBXFileReference; lastKnownFileType = image.png; path = "Chart_Up@2x.png"; sourceTree = "<group>"; };
		FED2523E18CE30A100EEA247 /* BTData.h */ = {isa = PBXFileReference; fileEncoding = 4; lastKnownFileType = sourcecode.c.h; path = BTData.h; sourceTree = "<group>"; };
		FED2523F18CE30A100EEA247 /* BTData.m */ = {isa = PBXFileReference; fileEncoding = 4; lastKnownFileType = sourcecode.c.objc; path = BTData.m; sourceTree = "<group>"; };
		FED57F3D18CF726400B91DEA /* CorePlot-CocoaTouch.h */ = {isa = PBXFileReference; fileEncoding = 4; lastKnownFileType = sourcecode.c.h; path = "CorePlot-CocoaTouch.h"; sourceTree = "<group>"; };
		FED57F3E18CF726400B91DEA /* CPTAnimation.h */ = {isa = PBXFileReference; fileEncoding = 4; lastKnownFileType = sourcecode.c.h; path = CPTAnimation.h; sourceTree = "<group>"; };
		FED57F3F18CF726400B91DEA /* CPTAnimationOperation.h */ = {isa = PBXFileReference; fileEncoding = 4; lastKnownFileType = sourcecode.c.h; path = CPTAnimationOperation.h; sourceTree = "<group>"; };
		FED57F4018CF726400B91DEA /* CPTAnimationPeriod.h */ = {isa = PBXFileReference; fileEncoding = 4; lastKnownFileType = sourcecode.c.h; path = CPTAnimationPeriod.h; sourceTree = "<group>"; };
		FED57F4118CF726400B91DEA /* CPTAnnotation.h */ = {isa = PBXFileReference; fileEncoding = 4; lastKnownFileType = sourcecode.c.h; path = CPTAnnotation.h; sourceTree = "<group>"; };
		FED57F4218CF726400B91DEA /* CPTAnnotationHostLayer.h */ = {isa = PBXFileReference; fileEncoding = 4; lastKnownFileType = sourcecode.c.h; path = CPTAnnotationHostLayer.h; sourceTree = "<group>"; };
		FED57F4318CF726400B91DEA /* CPTAxis.h */ = {isa = PBXFileReference; fileEncoding = 4; lastKnownFileType = sourcecode.c.h; path = CPTAxis.h; sourceTree = "<group>"; };
		FED57F4418CF726400B91DEA /* CPTAxisLabel.h */ = {isa = PBXFileReference; fileEncoding = 4; lastKnownFileType = sourcecode.c.h; path = CPTAxisLabel.h; sourceTree = "<group>"; };
		FED57F4518CF726400B91DEA /* CPTAxisLabelGroup.h */ = {isa = PBXFileReference; fileEncoding = 4; lastKnownFileType = sourcecode.c.h; path = CPTAxisLabelGroup.h; sourceTree = "<group>"; };
		FED57F4618CF726400B91DEA /* CPTAxisSet.h */ = {isa = PBXFileReference; fileEncoding = 4; lastKnownFileType = sourcecode.c.h; path = CPTAxisSet.h; sourceTree = "<group>"; };
		FED57F4718CF726400B91DEA /* CPTAxisTitle.h */ = {isa = PBXFileReference; fileEncoding = 4; lastKnownFileType = sourcecode.c.h; path = CPTAxisTitle.h; sourceTree = "<group>"; };
		FED57F4818CF726400B91DEA /* CPTBarPlot.h */ = {isa = PBXFileReference; fileEncoding = 4; lastKnownFileType = sourcecode.c.h; path = CPTBarPlot.h; sourceTree = "<group>"; };
		FED57F4918CF726400B91DEA /* CPTBorderedLayer.h */ = {isa = PBXFileReference; fileEncoding = 4; lastKnownFileType = sourcecode.c.h; path = CPTBorderedLayer.h; sourceTree = "<group>"; };
		FED57F4A18CF726400B91DEA /* CPTCalendarFormatter.h */ = {isa = PBXFileReference; fileEncoding = 4; lastKnownFileType = sourcecode.c.h; path = CPTCalendarFormatter.h; sourceTree = "<group>"; };
		FED57F4B18CF726400B91DEA /* CPTColor.h */ = {isa = PBXFileReference; fileEncoding = 4; lastKnownFileType = sourcecode.c.h; path = CPTColor.h; sourceTree = "<group>"; };
		FED57F4C18CF726400B91DEA /* CPTColorSpace.h */ = {isa = PBXFileReference; fileEncoding = 4; lastKnownFileType = sourcecode.c.h; path = CPTColorSpace.h; sourceTree = "<group>"; };
		FED57F4D18CF726400B91DEA /* CPTConstraints.h */ = {isa = PBXFileReference; fileEncoding = 4; lastKnownFileType = sourcecode.c.h; path = CPTConstraints.h; sourceTree = "<group>"; };
		FED57F4E18CF726400B91DEA /* CPTDataSourceTestCase.h */ = {isa = PBXFileReference; fileEncoding = 4; lastKnownFileType = sourcecode.c.h; path = CPTDataSourceTestCase.h; sourceTree = "<group>"; };
		FED57F4F18CF726400B91DEA /* CPTDefinitions.h */ = {isa = PBXFileReference; fileEncoding = 4; lastKnownFileType = sourcecode.c.h; path = CPTDefinitions.h; sourceTree = "<group>"; };
		FED57F5018CF726400B91DEA /* CPTDerivedXYGraph.h */ = {isa = PBXFileReference; fileEncoding = 4; lastKnownFileType = sourcecode.c.h; path = CPTDerivedXYGraph.h; sourceTree = "<group>"; };
		FED57F5118CF726400B91DEA /* CPTExceptions.h */ = {isa = PBXFileReference; fileEncoding = 4; lastKnownFileType = sourcecode.c.h; path = CPTExceptions.h; sourceTree = "<group>"; };
		FED57F5218CF726400B91DEA /* CPTFill.h */ = {isa = PBXFileReference; fileEncoding = 4; lastKnownFileType = sourcecode.c.h; path = CPTFill.h; sourceTree = "<group>"; };
		FED57F5318CF726400B91DEA /* CPTFunctionDataSource.h */ = {isa = PBXFileReference; fileEncoding = 4; lastKnownFileType = sourcecode.c.h; path = CPTFunctionDataSource.h; sourceTree = "<group>"; };
		FED57F5418CF726400B91DEA /* CPTGradient.h */ = {isa = PBXFileReference; fileEncoding = 4; lastKnownFileType = sourcecode.c.h; path = CPTGradient.h; sourceTree = "<group>"; };
		FED57F5518CF726400B91DEA /* CPTGraph.h */ = {isa = PBXFileReference; fileEncoding = 4; lastKnownFileType = sourcecode.c.h; path = CPTGraph.h; sourceTree = "<group>"; };
		FED57F5618CF726400B91DEA /* CPTGraphHostingView.h */ = {isa = PBXFileReference; fileEncoding = 4; lastKnownFileType = sourcecode.c.h; path = CPTGraphHostingView.h; sourceTree = "<group>"; };
		FED57F5718CF726400B91DEA /* CPTGridLineGroup.h */ = {isa = PBXFileReference; fileEncoding = 4; lastKnownFileType = sourcecode.c.h; path = CPTGridLineGroup.h; sourceTree = "<group>"; };
		FED57F5818CF726400B91DEA /* CPTGridLines.h */ = {isa = PBXFileReference; fileEncoding = 4; lastKnownFileType = sourcecode.c.h; path = CPTGridLines.h; sourceTree = "<group>"; };
		FED57F5918CF726400B91DEA /* CPTImage.h */ = {isa = PBXFileReference; fileEncoding = 4; lastKnownFileType = sourcecode.c.h; path = CPTImage.h; sourceTree = "<group>"; };
		FED57F5A18CF726400B91DEA /* CPTLayer.h */ = {isa = PBXFileReference; fileEncoding = 4; lastKnownFileType = sourcecode.c.h; path = CPTLayer.h; sourceTree = "<group>"; };
		FED57F5B18CF726400B91DEA /* CPTLayerAnnotation.h */ = {isa = PBXFileReference; fileEncoding = 4; lastKnownFileType = sourcecode.c.h; path = CPTLayerAnnotation.h; sourceTree = "<group>"; };
		FED57F5C18CF726400B91DEA /* CPTLegend.h */ = {isa = PBXFileReference; fileEncoding = 4; lastKnownFileType = sourcecode.c.h; path = CPTLegend.h; sourceTree = "<group>"; };
		FED57F5D18CF726400B91DEA /* CPTLegendEntry.h */ = {isa = PBXFileReference; fileEncoding = 4; lastKnownFileType = sourcecode.c.h; path = CPTLegendEntry.h; sourceTree = "<group>"; };
		FED57F5E18CF726400B91DEA /* CPTLimitBand.h */ = {isa = PBXFileReference; fileEncoding = 4; lastKnownFileType = sourcecode.c.h; path = CPTLimitBand.h; sourceTree = "<group>"; };
		FED57F5F18CF726400B91DEA /* CPTLineCap.h */ = {isa = PBXFileReference; fileEncoding = 4; lastKnownFileType = sourcecode.c.h; path = CPTLineCap.h; sourceTree = "<group>"; };
		FED57F6018CF726400B91DEA /* CPTLineStyle.h */ = {isa = PBXFileReference; fileEncoding = 4; lastKnownFileType = sourcecode.c.h; path = CPTLineStyle.h; sourceTree = "<group>"; };
		FED57F6118CF726400B91DEA /* CPTMutableLineStyle.h */ = {isa = PBXFileReference; fileEncoding = 4; lastKnownFileType = sourcecode.c.h; path = CPTMutableLineStyle.h; sourceTree = "<group>"; };
		FED57F6218CF726400B91DEA /* CPTMutableNumericData+TypeConversion.h */ = {isa = PBXFileReference; fileEncoding = 4; lastKnownFileType = sourcecode.c.h; path = "CPTMutableNumericData+TypeConversion.h"; sourceTree = "<group>"; };
		FED57F6318CF726400B91DEA /* CPTMutableNumericData.h */ = {isa = PBXFileReference; fileEncoding = 4; lastKnownFileType = sourcecode.c.h; path = CPTMutableNumericData.h; sourceTree = "<group>"; };
		FED57F6418CF726400B91DEA /* CPTMutablePlotRange.h */ = {isa = PBXFileReference; fileEncoding = 4; lastKnownFileType = sourcecode.c.h; path = CPTMutablePlotRange.h; sourceTree = "<group>"; };
		FED57F6518CF726400B91DEA /* CPTMutableShadow.h */ = {isa = PBXFileReference; fileEncoding = 4; lastKnownFileType = sourcecode.c.h; path = CPTMutableShadow.h; sourceTree = "<group>"; };
		FED57F6618CF726400B91DEA /* CPTMutableTextStyle.h */ = {isa = PBXFileReference; fileEncoding = 4; lastKnownFileType = sourcecode.c.h; path = CPTMutableTextStyle.h; sourceTree = "<group>"; };
		FED57F6718CF726400B91DEA /* CPTNumericData+TypeConversion.h */ = {isa = PBXFileReference; fileEncoding = 4; lastKnownFileType = sourcecode.c.h; path = "CPTNumericData+TypeConversion.h"; sourceTree = "<group>"; };
		FED57F6818CF726400B91DEA /* CPTNumericData.h */ = {isa = PBXFileReference; fileEncoding = 4; lastKnownFileType = sourcecode.c.h; path = CPTNumericData.h; sourceTree = "<group>"; };
		FED57F6918CF726400B91DEA /* CPTNumericDataType.h */ = {isa = PBXFileReference; fileEncoding = 4; lastKnownFileType = sourcecode.c.h; path = CPTNumericDataType.h; sourceTree = "<group>"; };
		FED57F6A18CF726400B91DEA /* CPTPathExtensions.h */ = {isa = PBXFileReference; fileEncoding = 4; lastKnownFileType = sourcecode.c.h; path = CPTPathExtensions.h; sourceTree = "<group>"; };
		FED57F6B18CF726400B91DEA /* CPTPieChart.h */ = {isa = PBXFileReference; fileEncoding = 4; lastKnownFileType = sourcecode.c.h; path = CPTPieChart.h; sourceTree = "<group>"; };
		FED57F6C18CF726400B91DEA /* CPTPlatformSpecificCategories.h */ = {isa = PBXFileReference; fileEncoding = 4; lastKnownFileType = sourcecode.c.h; path = CPTPlatformSpecificCategories.h; sourceTree = "<group>"; };
		FED57F6D18CF726400B91DEA /* CPTPlatformSpecificDefines.h */ = {isa = PBXFileReference; fileEncoding = 4; lastKnownFileType = sourcecode.c.h; path = CPTPlatformSpecificDefines.h; sourceTree = "<group>"; };
		FED57F6E18CF726400B91DEA /* CPTPlatformSpecificFunctions.h */ = {isa = PBXFileReference; fileEncoding = 4; lastKnownFileType = sourcecode.c.h; path = CPTPlatformSpecificFunctions.h; sourceTree = "<group>"; };
		FED57F6F18CF726400B91DEA /* CPTPlot.h */ = {isa = PBXFileReference; fileEncoding = 4; lastKnownFileType = sourcecode.c.h; path = CPTPlot.h; sourceTree = "<group>"; };
		FED57F7018CF726400B91DEA /* CPTPlotArea.h */ = {isa = PBXFileReference; fileEncoding = 4; lastKnownFileType = sourcecode.c.h; path = CPTPlotArea.h; sourceTree = "<group>"; };
		FED57F7118CF726400B91DEA /* CPTPlotAreaFrame.h */ = {isa = PBXFileReference; fileEncoding = 4; lastKnownFileType = sourcecode.c.h; path = CPTPlotAreaFrame.h; sourceTree = "<group>"; };
		FED57F7218CF726400B91DEA /* CPTPlotGroup.h */ = {isa = PBXFileReference; fileEncoding = 4; lastKnownFileType = sourcecode.c.h; path = CPTPlotGroup.h; sourceTree = "<group>"; };
		FED57F7318CF726400B91DEA /* CPTPlotRange.h */ = {isa = PBXFileReference; fileEncoding = 4; lastKnownFileType = sourcecode.c.h; path = CPTPlotRange.h; sourceTree = "<group>"; };
		FED57F7418CF726400B91DEA /* CPTPlotSpace.h */ = {isa = PBXFileReference; fileEncoding = 4; lastKnownFileType = sourcecode.c.h; path = CPTPlotSpace.h; sourceTree = "<group>"; };
		FED57F7518CF726400B91DEA /* CPTPlotSpaceAnnotation.h */ = {isa = PBXFileReference; fileEncoding = 4; lastKnownFileType = sourcecode.c.h; path = CPTPlotSpaceAnnotation.h; sourceTree = "<group>"; };
		FED57F7618CF726400B91DEA /* CPTPlotSymbol.h */ = {isa = PBXFileReference; fileEncoding = 4; lastKnownFileType = sourcecode.c.h; path = CPTPlotSymbol.h; sourceTree = "<group>"; };
		FED57F7718CF726400B91DEA /* CPTRangePlot.h */ = {isa = PBXFileReference; fileEncoding = 4; lastKnownFileType = sourcecode.c.h; path = CPTRangePlot.h; sourceTree = "<group>"; };
		FED57F7818CF726400B91DEA /* CPTResponder.h */ = {isa = PBXFileReference; fileEncoding = 4; lastKnownFileType = sourcecode.c.h; path = CPTResponder.h; sourceTree = "<group>"; };
		FED57F7918CF726400B91DEA /* CPTScatterPlot.h */ = {isa = PBXFileReference; fileEncoding = 4; lastKnownFileType = sourcecode.c.h; path = CPTScatterPlot.h; sourceTree = "<group>"; };
		FED57F7A18CF726400B91DEA /* CPTShadow.h */ = {isa = PBXFileReference; fileEncoding = 4; lastKnownFileType = sourcecode.c.h; path = CPTShadow.h; sourceTree = "<group>"; };
		FED57F7B18CF726400B91DEA /* CPTTestCase.h */ = {isa = PBXFileReference; fileEncoding = 4; lastKnownFileType = sourcecode.c.h; path = CPTTestCase.h; sourceTree = "<group>"; };
		FED57F7C18CF726400B91DEA /* CPTTextLayer.h */ = {isa = PBXFileReference; fileEncoding = 4; lastKnownFileType = sourcecode.c.h; path = CPTTextLayer.h; sourceTree = "<group>"; };
		FED57F7D18CF726400B91DEA /* CPTTextStyle.h */ = {isa = PBXFileReference; fileEncoding = 4; lastKnownFileType = sourcecode.c.h; path = CPTTextStyle.h; sourceTree = "<group>"; };
		FED57F7E18CF726400B91DEA /* CPTTextStylePlatformSpecific.h */ = {isa = PBXFileReference; fileEncoding = 4; lastKnownFileType = sourcecode.c.h; path = CPTTextStylePlatformSpecific.h; sourceTree = "<group>"; };
		FED57F7F18CF726400B91DEA /* CPTTheme.h */ = {isa = PBXFileReference; fileEncoding = 4; lastKnownFileType = sourcecode.c.h; path = CPTTheme.h; sourceTree = "<group>"; };
		FED57F8018CF726400B91DEA /* CPTTimeFormatter.h */ = {isa = PBXFileReference; fileEncoding = 4; lastKnownFileType = sourcecode.c.h; path = CPTTimeFormatter.h; sourceTree = "<group>"; };
		FED57F8118CF726400B91DEA /* CPTTradingRangePlot.h */ = {isa = PBXFileReference; fileEncoding = 4; lastKnownFileType = sourcecode.c.h; path = CPTTradingRangePlot.h; sourceTree = "<group>"; };
		FED57F8218CF726400B91DEA /* CPTUtilities.h */ = {isa = PBXFileReference; fileEncoding = 4; lastKnownFileType = sourcecode.c.h; path = CPTUtilities.h; sourceTree = "<group>"; };
		FED57F8318CF726400B91DEA /* CPTXYAxis.h */ = {isa = PBXFileReference; fileEncoding = 4; lastKnownFileType = sourcecode.c.h; path = CPTXYAxis.h; sourceTree = "<group>"; };
		FED57F8418CF726400B91DEA /* CPTXYAxisSet.h */ = {isa = PBXFileReference; fileEncoding = 4; lastKnownFileType = sourcecode.c.h; path = CPTXYAxisSet.h; sourceTree = "<group>"; };
		FED57F8518CF726400B91DEA /* CPTXYGraph.h */ = {isa = PBXFileReference; fileEncoding = 4; lastKnownFileType = sourcecode.c.h; path = CPTXYGraph.h; sourceTree = "<group>"; };
		FED57F8618CF726400B91DEA /* CPTXYPlotSpace.h */ = {isa = PBXFileReference; fileEncoding = 4; lastKnownFileType = sourcecode.c.h; path = CPTXYPlotSpace.h; sourceTree = "<group>"; };
		FED57F8718CF726400B91DEA /* mainpage.h */ = {isa = PBXFileReference; fileEncoding = 4; lastKnownFileType = sourcecode.c.h; path = mainpage.h; sourceTree = "<group>"; };
		FED57F8818CF726400B91DEA /* NSCoderExtensions.h */ = {isa = PBXFileReference; fileEncoding = 4; lastKnownFileType = sourcecode.c.h; path = NSCoderExtensions.h; sourceTree = "<group>"; };
		FED57F8918CF726400B91DEA /* NSDecimalNumberExtensions.h */ = {isa = PBXFileReference; fileEncoding = 4; lastKnownFileType = sourcecode.c.h; path = NSDecimalNumberExtensions.h; sourceTree = "<group>"; };
		FED57F8A18CF726400B91DEA /* NSNumberExtensions.h */ = {isa = PBXFileReference; fileEncoding = 4; lastKnownFileType = sourcecode.c.h; path = NSNumberExtensions.h; sourceTree = "<group>"; };
		FED57F8B18CF726400B91DEA /* libCorePlot-CocoaTouch.a */ = {isa = PBXFileReference; lastKnownFileType = archive.ar; path = "libCorePlot-CocoaTouch.a"; sourceTree = "<group>"; };
		FED57F8D18CF737200B91DEA /* QuartzCore.framework */ = {isa = PBXFileReference; lastKnownFileType = wrapper.framework; name = QuartzCore.framework; path = System/Library/Frameworks/QuartzCore.framework; sourceTree = SDKROOT; };
		FED57F8F18CF757C00B91DEA /* BTChartVC.h */ = {isa = PBXFileReference; fileEncoding = 4; lastKnownFileType = sourcecode.c.h; path = BTChartVC.h; sourceTree = "<group>"; };
		FED57F9018CF757C00B91DEA /* BTChartVC.m */ = {isa = PBXFileReference; fileEncoding = 4; lastKnownFileType = sourcecode.c.objc; path = BTChartVC.m; sourceTree = "<group>"; };
/* End PBXFileReference section */

/* Begin PBXFrameworksBuildPhase section */
		FE9148C318C7CE8B00A694B5 /* Frameworks */ = {
			isa = PBXFrameworksBuildPhase;
			buildActionMask = 2147483647;
			files = (
				FED57F8E18CF737200B91DEA /* QuartzCore.framework in Frameworks */,
				FE5B4CAD18CBEE0C00409CA5 /* CoreData.framework in Frameworks */,
				FE9148CC18C7CE8B00A694B5 /* CoreGraphics.framework in Frameworks */,
				FE9148CE18C7CE8B00A694B5 /* UIKit.framework in Frameworks */,
				FE9148CA18C7CE8B00A694B5 /* Foundation.framework in Frameworks */,
				FED57F8C18CF726400B91DEA /* libCorePlot-CocoaTouch.a in Frameworks */,
			);
			runOnlyForDeploymentPostprocessing = 0;
		};
		FE9148E718C7CE8B00A694B5 /* Frameworks */ = {
			isa = PBXFrameworksBuildPhase;
			buildActionMask = 2147483647;
			files = (
				FE9148EC18C7CE8B00A694B5 /* XCTest.framework in Frameworks */,
				FE9148EE18C7CE8B00A694B5 /* UIKit.framework in Frameworks */,
				FE9148ED18C7CE8B00A694B5 /* Foundation.framework in Frameworks */,
			);
			runOnlyForDeploymentPostprocessing = 0;
		};
/* End PBXFrameworksBuildPhase section */

/* Begin PBXGroup section */
		FE3CB5A318CA81B40025B040 /* BrainTracker Images */ = {
			isa = PBXGroup;
			children = (
				FE9148E418C7CE8B00A694B5 /* Images.xcassets */,
				FE5B4C9B18CA830600409CA5 /* home-7.png */,
				FE5B4C9D18CA831300409CA5 /* config30x30.png */,
				FE91491A18CA761D00A694B5 /* Chart_Up@2x.png */,
			);
			name = "BrainTracker Images";
			sourceTree = "<group>";
		};
		FE5B4CA818CBE5DE00409CA5 /* Core Data */ = {
			isa = PBXGroup;
			children = (
				FE5B4CA218CBE03900409CA5 /* BrainTest.xcdatamodeld */,
				FED2523E18CE30A100EEA247 /* BTData.h */,
				FED2523F18CE30A100EEA247 /* BTData.m */,
				FE5B4CA918CBE60A00409CA5 /* CoreDataTableViewController.h */,
				FE5B4CAA18CBE60A00409CA5 /* CoreDataTableViewController.m */,
				FE5B4CA518CBE5C900409CA5 /* SharedDocumentHandler.h */,
				FE5B4CA618CBE5C900409CA5 /* SharedDocumentHandler.m */,
			);
			name = "Core Data";
			sourceTree = "<group>";
		};
		FE9148BD18C7CE8B00A694B5 = {
			isa = PBXGroup;
			children = (
				FE9148CF18C7CE8B00A694B5 /* BrainTracker */,
				FE9148F118C7CE8B00A694B5 /* BrainTrackerTests */,
				FE9148C818C7CE8B00A694B5 /* Frameworks */,
				FE9148C718C7CE8B00A694B5 /* Products */,
			);
			sourceTree = "<group>";
		};
		FE9148C718C7CE8B00A694B5 /* Products */ = {
			isa = PBXGroup;
			children = (
				FE9148C618C7CE8B00A694B5 /* BrainTracker.app */,
				FE9148EA18C7CE8B00A694B5 /* BrainTrackerTests.xctest */,
			);
			name = Products;
			sourceTree = "<group>";
		};
		FE9148C818C7CE8B00A694B5 /* Frameworks */ = {
			isa = PBXGroup;
			children = (
				FED57F8D18CF737200B91DEA /* QuartzCore.framework */,
				FE5B4CAC18CBEE0C00409CA5 /* CoreData.framework */,
				FE9148C918C7CE8B00A694B5 /* Foundation.framework */,
				FE9148CB18C7CE8B00A694B5 /* CoreGraphics.framework */,
				FE9148CD18C7CE8B00A694B5 /* UIKit.framework */,
				FE9148EB18C7CE8B00A694B5 /* XCTest.framework */,
			);
			name = Frameworks;
			sourceTree = "<group>";
		};
		FE9148CF18C7CE8B00A694B5 /* BrainTracker */ = {
			isa = PBXGroup;
			children = (
				FE9148DB18C7CE8B00A694B5 /* Main.storyboard */,
				FED57F8F18CF757C00B91DEA /* BTChartVC.h */,
				FED57F9018CF757C00B91DEA /* BTChartVC.m */,
				FE3CB5A318CA81B40025B040 /* BrainTracker Images */,
				FE91490D18C7D06500A694B5 /* Model */,
				FE91491618C7D38F00A694B5 /* View */,
				FE5B4CA818CBE5DE00409CA5 /* Core Data */,
				FE9148DE18C7CE8B00A694B5 /* BTScoreKeeperVC.h */,
				FE9148DF18C7CE8B00A694B5 /* BTScoreKeeperVC.m */,
				FED57F3B18CF6EB200B91DEA /* CorePlot */,
				FE5B4C9F18CA86A900409CA5 /* BTResultsVC.h */,
				FE5B4CA018CA86A900409CA5 /* BTResultsVC.m */,
				FE9148E118C7CE8B00A694B5 /* BTSettingsVC.h */,
				FE9148E218C7CE8B00A694B5 /* BTSettingsVC.m */,
				FE9148D018C7CE8B00A694B5 /* Supporting Files */,
			);
			path = BrainTracker;
			sourceTree = "<group>";
		};
		FE9148D018C7CE8B00A694B5 /* Supporting Files */ = {
			isa = PBXGroup;
			children = (
				FE9148D818C7CE8B00A694B5 /* BTAppDelegate.h */,
				FE9148D918C7CE8B00A694B5 /* BTAppDelegate.m */,
				FE9148D118C7CE8B00A694B5 /* BrainTracker-Info.plist */,
				FE9148D218C7CE8B00A694B5 /* InfoPlist.strings */,
				FE9148D518C7CE8B00A694B5 /* main.m */,
				FE9148D718C7CE8B00A694B5 /* BrainTracker-Prefix.pch */,
			);
			name = "Supporting Files";
			sourceTree = "<group>";
		};
		FE9148F118C7CE8B00A694B5 /* BrainTrackerTests */ = {
			isa = PBXGroup;
			children = (
				FE9148F718C7CE8B00A694B5 /* BrainTrackerTests.m */,
				FE9148F218C7CE8B00A694B5 /* Supporting Files */,
			);
			path = BrainTrackerTests;
			sourceTree = "<group>";
		};
		FE9148F218C7CE8B00A694B5 /* Supporting Files */ = {
			isa = PBXGroup;
			children = (
				FE9148F318C7CE8B00A694B5 /* BrainTrackerTests-Info.plist */,
				FE9148F418C7CE8B00A694B5 /* InfoPlist.strings */,
			);
			name = "Supporting Files";
			sourceTree = "<group>";
		};
		FE91490D18C7D06500A694B5 /* Model */ = {
			isa = PBXGroup;
			children = (
				FE91490118C7D01500A694B5 /* BTStimulus.h */,
				FE91490218C7D01500A694B5 /* BTStimulus.m */,
				FE91490418C7D02F00A694B5 /* BTResponse.h */,
				FE91490518C7D02F00A694B5 /* BTResponse.m */,
				FE91490718C7D03F00A694B5 /* BTTimer.h */,
				FE91490818C7D03F00A694B5 /* BTTimer.m */,
				FE91490A18C7D05A00A694B5 /* BTResultsTracker.h */,
				FE91490B18C7D05A00A694B5 /* BTResultsTracker.m */,
			);
			name = Model;
			sourceTree = "<group>";
		};
		FE91491618C7D38F00A694B5 /* View */ = {
			isa = PBXGroup;
			children = (
				FE91491018C7D36500A694B5 /* BTResponseView.h */,
				FE91491118C7D36500A694B5 /* BTResponseView.m */,
				FE91491318C7D38800A694B5 /* BTStimulusView.h */,
				FE91491418C7D38800A694B5 /* BTStimulusView.m */,
			);
			name = View;
			path = ..;
			sourceTree = "<group>";
		};
		FED57F3B18CF6EB200B91DEA /* CorePlot */ = {
			isa = PBXGroup;
			children = (
				FED57F3C18CF726400B91DEA /* CorePlotHeaders */,
				FED57F8B18CF726400B91DEA /* libCorePlot-CocoaTouch.a */,
			);
			name = CorePlot;
			sourceTree = "<group>";
		};
		FED57F3C18CF726400B91DEA /* CorePlotHeaders */ = {
			isa = PBXGroup;
			children = (
				FED57F3D18CF726400B91DEA /* CorePlot-CocoaTouch.h */,
				FED57F3E18CF726400B91DEA /* CPTAnimation.h */,
				FED57F3F18CF726400B91DEA /* CPTAnimationOperation.h */,
				FED57F4018CF726400B91DEA /* CPTAnimationPeriod.h */,
				FED57F4118CF726400B91DEA /* CPTAnnotation.h */,
				FED57F4218CF726400B91DEA /* CPTAnnotationHostLayer.h */,
				FED57F4318CF726400B91DEA /* CPTAxis.h */,
				FED57F4418CF726400B91DEA /* CPTAxisLabel.h */,
				FED57F4518CF726400B91DEA /* CPTAxisLabelGroup.h */,
				FED57F4618CF726400B91DEA /* CPTAxisSet.h */,
				FED57F4718CF726400B91DEA /* CPTAxisTitle.h */,
				FED57F4818CF726400B91DEA /* CPTBarPlot.h */,
				FED57F4918CF726400B91DEA /* CPTBorderedLayer.h */,
				FED57F4A18CF726400B91DEA /* CPTCalendarFormatter.h */,
				FED57F4B18CF726400B91DEA /* CPTColor.h */,
				FED57F4C18CF726400B91DEA /* CPTColorSpace.h */,
				FED57F4D18CF726400B91DEA /* CPTConstraints.h */,
				FED57F4E18CF726400B91DEA /* CPTDataSourceTestCase.h */,
				FED57F4F18CF726400B91DEA /* CPTDefinitions.h */,
				FED57F5018CF726400B91DEA /* CPTDerivedXYGraph.h */,
				FED57F5118CF726400B91DEA /* CPTExceptions.h */,
				FED57F5218CF726400B91DEA /* CPTFill.h */,
				FED57F5318CF726400B91DEA /* CPTFunctionDataSource.h */,
				FED57F5418CF726400B91DEA /* CPTGradient.h */,
				FED57F5518CF726400B91DEA /* CPTGraph.h */,
				FED57F5618CF726400B91DEA /* CPTGraphHostingView.h */,
				FED57F5718CF726400B91DEA /* CPTGridLineGroup.h */,
				FED57F5818CF726400B91DEA /* CPTGridLines.h */,
				FED57F5918CF726400B91DEA /* CPTImage.h */,
				FED57F5A18CF726400B91DEA /* CPTLayer.h */,
				FED57F5B18CF726400B91DEA /* CPTLayerAnnotation.h */,
				FED57F5C18CF726400B91DEA /* CPTLegend.h */,
				FED57F5D18CF726400B91DEA /* CPTLegendEntry.h */,
				FED57F5E18CF726400B91DEA /* CPTLimitBand.h */,
				FED57F5F18CF726400B91DEA /* CPTLineCap.h */,
				FED57F6018CF726400B91DEA /* CPTLineStyle.h */,
				FED57F6118CF726400B91DEA /* CPTMutableLineStyle.h */,
				FED57F6218CF726400B91DEA /* CPTMutableNumericData+TypeConversion.h */,
				FED57F6318CF726400B91DEA /* CPTMutableNumericData.h */,
				FED57F6418CF726400B91DEA /* CPTMutablePlotRange.h */,
				FED57F6518CF726400B91DEA /* CPTMutableShadow.h */,
				FED57F6618CF726400B91DEA /* CPTMutableTextStyle.h */,
				FED57F6718CF726400B91DEA /* CPTNumericData+TypeConversion.h */,
				FED57F6818CF726400B91DEA /* CPTNumericData.h */,
				FED57F6918CF726400B91DEA /* CPTNumericDataType.h */,
				FED57F6A18CF726400B91DEA /* CPTPathExtensions.h */,
				FED57F6B18CF726400B91DEA /* CPTPieChart.h */,
				FED57F6C18CF726400B91DEA /* CPTPlatformSpecificCategories.h */,
				FED57F6D18CF726400B91DEA /* CPTPlatformSpecificDefines.h */,
				FED57F6E18CF726400B91DEA /* CPTPlatformSpecificFunctions.h */,
				FED57F6F18CF726400B91DEA /* CPTPlot.h */,
				FED57F7018CF726400B91DEA /* CPTPlotArea.h */,
				FED57F7118CF726400B91DEA /* CPTPlotAreaFrame.h */,
				FED57F7218CF726400B91DEA /* CPTPlotGroup.h */,
				FED57F7318CF726400B91DEA /* CPTPlotRange.h */,
				FED57F7418CF726400B91DEA /* CPTPlotSpace.h */,
				FED57F7518CF726400B91DEA /* CPTPlotSpaceAnnotation.h */,
				FED57F7618CF726400B91DEA /* CPTPlotSymbol.h */,
				FED57F7718CF726400B91DEA /* CPTRangePlot.h */,
				FED57F7818CF726400B91DEA /* CPTResponder.h */,
				FED57F7918CF726400B91DEA /* CPTScatterPlot.h */,
				FED57F7A18CF726400B91DEA /* CPTShadow.h */,
				FED57F7B18CF726400B91DEA /* CPTTestCase.h */,
				FED57F7C18CF726400B91DEA /* CPTTextLayer.h */,
				FED57F7D18CF726400B91DEA /* CPTTextStyle.h */,
				FED57F7E18CF726400B91DEA /* CPTTextStylePlatformSpecific.h */,
				FED57F7F18CF726400B91DEA /* CPTTheme.h */,
				FED57F8018CF726400B91DEA /* CPTTimeFormatter.h */,
				FED57F8118CF726400B91DEA /* CPTTradingRangePlot.h */,
				FED57F8218CF726400B91DEA /* CPTUtilities.h */,
				FED57F8318CF726400B91DEA /* CPTXYAxis.h */,
				FED57F8418CF726400B91DEA /* CPTXYAxisSet.h */,
				FED57F8518CF726400B91DEA /* CPTXYGraph.h */,
				FED57F8618CF726400B91DEA /* CPTXYPlotSpace.h */,
				FED57F8718CF726400B91DEA /* mainpage.h */,
				FED57F8818CF726400B91DEA /* NSCoderExtensions.h */,
				FED57F8918CF726400B91DEA /* NSDecimalNumberExtensions.h */,
				FED57F8A18CF726400B91DEA /* NSNumberExtensions.h */,
			);
			path = CorePlotHeaders;
			sourceTree = "<group>";
		};
/* End PBXGroup section */

/* Begin PBXNativeTarget section */
		FE9148C518C7CE8B00A694B5 /* BrainTracker */ = {
			isa = PBXNativeTarget;
			buildConfigurationList = FE9148FB18C7CE8B00A694B5 /* Build configuration list for PBXNativeTarget "BrainTracker" */;
			buildPhases = (
				FE9148C218C7CE8B00A694B5 /* Sources */,
				FE9148C318C7CE8B00A694B5 /* Frameworks */,
				FE9148C418C7CE8B00A694B5 /* Resources */,
			);
			buildRules = (
			);
			dependencies = (
			);
			name = BrainTracker;
			productName = BrainTracker;
			productReference = FE9148C618C7CE8B00A694B5 /* BrainTracker.app */;
			productType = "com.apple.product-type.application";
		};
		FE9148E918C7CE8B00A694B5 /* BrainTrackerTests */ = {
			isa = PBXNativeTarget;
			buildConfigurationList = FE9148FE18C7CE8B00A694B5 /* Build configuration list for PBXNativeTarget "BrainTrackerTests" */;
			buildPhases = (
				FE9148E618C7CE8B00A694B5 /* Sources */,
				FE9148E718C7CE8B00A694B5 /* Frameworks */,
				FE9148E818C7CE8B00A694B5 /* Resources */,
			);
			buildRules = (
			);
			dependencies = (
				FE9148F018C7CE8B00A694B5 /* PBXTargetDependency */,
			);
			name = BrainTrackerTests;
			productName = BrainTrackerTests;
			productReference = FE9148EA18C7CE8B00A694B5 /* BrainTrackerTests.xctest */;
			productType = "com.apple.product-type.bundle.unit-test";
		};
/* End PBXNativeTarget section */

/* Begin PBXProject section */
		FE9148BE18C7CE8B00A694B5 /* Project object */ = {
			isa = PBXProject;
			attributes = {
				CLASSPREFIX = BT;
				LastUpgradeCheck = 0500;
				ORGANIZATIONNAME = "Richard Sprague";
				TargetAttributes = {
					FE9148E918C7CE8B00A694B5 = {
						TestTargetID = FE9148C518C7CE8B00A694B5;
					};
				};
			};
			buildConfigurationList = FE9148C118C7CE8B00A694B5 /* Build configuration list for PBXProject "BrainTracker" */;
			compatibilityVersion = "Xcode 3.2";
			developmentRegion = English;
			hasScannedForEncodings = 0;
			knownRegions = (
				en,
				Base,
			);
			mainGroup = FE9148BD18C7CE8B00A694B5;
			productRefGroup = FE9148C718C7CE8B00A694B5 /* Products */;
			projectDirPath = "";
			projectRoot = "";
			targets = (
				FE9148C518C7CE8B00A694B5 /* BrainTracker */,
				FE9148E918C7CE8B00A694B5 /* BrainTrackerTests */,
			);
		};
/* End PBXProject section */

/* Begin PBXResourcesBuildPhase section */
		FE9148C418C7CE8B00A694B5 /* Resources */ = {
			isa = PBXResourcesBuildPhase;
			buildActionMask = 2147483647;
			files = (
				FE5B4C9E18CA831300409CA5 /* config30x30.png in Resources */,
				FE9148E518C7CE8B00A694B5 /* Images.xcassets in Resources */,
				FE9148D418C7CE8B00A694B5 /* InfoPlist.strings in Resources */,
				FE91491B18CA761D00A694B5 /* Chart_Up@2x.png in Resources */,
				FE5B4C9C18CA830600409CA5 /* home-7.png in Resources */,
				FE9148DD18C7CE8B00A694B5 /* Main.storyboard in Resources */,
			);
			runOnlyForDeploymentPostprocessing = 0;
		};
		FE9148E818C7CE8B00A694B5 /* Resources */ = {
			isa = PBXResourcesBuildPhase;
			buildActionMask = 2147483647;
			files = (
				FE9148F618C7CE8B00A694B5 /* InfoPlist.strings in Resources */,
			);
			runOnlyForDeploymentPostprocessing = 0;
		};
/* End PBXResourcesBuildPhase section */

/* Begin PBXSourcesBuildPhase section */
		FE9148C218C7CE8B00A694B5 /* Sources */ = {
			isa = PBXSourcesBuildPhase;
			buildActionMask = 2147483647;
			files = (
				FE5B4CA718CBE5C900409CA5 /* SharedDocumentHandler.m in Sources */,
				FE9148E318C7CE8B00A694B5 /* BTSettingsVC.m in Sources */,
				FE5B4CAB18CBE60A00409CA5 /* CoreDataTableViewController.m in Sources */,
				FED2524018CE30A100EEA247 /* BTData.m in Sources */,
				FE5B4CA118CA86A900409CA5 /* BTResultsVC.m in Sources */,
				FE91491218C7D36500A694B5 /* BTResponseView.m in Sources */,
				FE91490C18C7D05A00A694B5 /* BTResultsTracker.m in Sources */,
				FED57F9118CF757C00B91DEA /* BTChartVC.m in Sources */,
				FE9148DA18C7CE8B00A694B5 /* BTAppDelegate.m in Sources */,
				FE9148D618C7CE8B00A694B5 /* main.m in Sources */,
				FE5B4CA418CBE03900409CA5 /* BrainTest.xcdatamodeld in Sources */,
				FE9148E018C7CE8B00A694B5 /* BTScoreKeeperVC.m in Sources */,
				FE91491518C7D38800A694B5 /* BTStimulusView.m in Sources */,
				FE91490618C7D02F00A694B5 /* BTResponse.m in Sources */,
				FE91490918C7D03F00A694B5 /* BTTimer.m in Sources */,
				FE91490318C7D01500A694B5 /* BTStimulus.m in Sources */,
			);
			runOnlyForDeploymentPostprocessing = 0;
		};
		FE9148E618C7CE8B00A694B5 /* Sources */ = {
			isa = PBXSourcesBuildPhase;
			buildActionMask = 2147483647;
			files = (
				FE9148F818C7CE8B00A694B5 /* BrainTrackerTests.m in Sources */,
			);
			runOnlyForDeploymentPostprocessing = 0;
		};
/* End PBXSourcesBuildPhase section */

/* Begin PBXTargetDependency section */
		FE9148F018C7CE8B00A694B5 /* PBXTargetDependency */ = {
			isa = PBXTargetDependency;
			target = FE9148C518C7CE8B00A694B5 /* BrainTracker */;
			targetProxy = FE9148EF18C7CE8B00A694B5 /* PBXContainerItemProxy */;
		};
/* End PBXTargetDependency section */

/* Begin PBXVariantGroup section */
		FE9148D218C7CE8B00A694B5 /* InfoPlist.strings */ = {
			isa = PBXVariantGroup;
			children = (
				FE9148D318C7CE8B00A694B5 /* en */,
			);
			name = InfoPlist.strings;
			sourceTree = "<group>";
		};
		FE9148DB18C7CE8B00A694B5 /* Main.storyboard */ = {
			isa = PBXVariantGroup;
			children = (
				FE9148DC18C7CE8B00A694B5 /* Base */,
			);
			name = Main.storyboard;
			sourceTree = "<group>";
		};
		FE9148F418C7CE8B00A694B5 /* InfoPlist.strings */ = {
			isa = PBXVariantGroup;
			children = (
				FE9148F518C7CE8B00A694B5 /* en */,
			);
			name = InfoPlist.strings;
			sourceTree = "<group>";
		};
/* End PBXVariantGroup section */

/* Begin XCBuildConfiguration section */
		FE9148F918C7CE8B00A694B5 /* Debug */ = {
			isa = XCBuildConfiguration;
			buildSettings = {
				ALWAYS_SEARCH_USER_PATHS = NO;
				ARCHS = "$(ARCHS_STANDARD_INCLUDING_64_BIT)";
				CLANG_CXX_LANGUAGE_STANDARD = "gnu++0x";
				CLANG_CXX_LIBRARY = "libc++";
				CLANG_ENABLE_MODULES = YES;
				CLANG_ENABLE_OBJC_ARC = YES;
				CLANG_WARN_BOOL_CONVERSION = YES;
				CLANG_WARN_CONSTANT_CONVERSION = YES;
				CLANG_WARN_DIRECT_OBJC_ISA_USAGE = YES_ERROR;
				CLANG_WARN_EMPTY_BODY = YES;
				CLANG_WARN_ENUM_CONVERSION = YES;
				CLANG_WARN_INT_CONVERSION = YES;
				CLANG_WARN_OBJC_ROOT_CLASS = YES_ERROR;
				CLANG_WARN__DUPLICATE_METHOD_MATCH = YES;
				"CODE_SIGN_IDENTITY[sdk=iphoneos*]" = "iPhone Developer";
				COPY_PHASE_STRIP = NO;
				GCC_C_LANGUAGE_STANDARD = gnu99;
				GCC_DYNAMIC_NO_PIC = NO;
				GCC_OPTIMIZATION_LEVEL = 0;
				GCC_PREPROCESSOR_DEFINITIONS = (
					"DEBUG=1",
					"$(inherited)",
				);
				GCC_SYMBOLS_PRIVATE_EXTERN = NO;
				GCC_WARN_64_TO_32_BIT_CONVERSION = YES;
				GCC_WARN_ABOUT_RETURN_TYPE = YES_ERROR;
				GCC_WARN_UNDECLARED_SELECTOR = YES;
				GCC_WARN_UNINITIALIZED_AUTOS = YES;
				GCC_WARN_UNUSED_FUNCTION = YES;
				GCC_WARN_UNUSED_VARIABLE = YES;
				IPHONEOS_DEPLOYMENT_TARGET = 7.0;
				ONLY_ACTIVE_ARCH = YES;
				SDKROOT = iphoneos;
			};
			name = Debug;
		};
		FE9148FA18C7CE8B00A694B5 /* Release */ = {
			isa = XCBuildConfiguration;
			buildSettings = {
				ALWAYS_SEARCH_USER_PATHS = NO;
				ARCHS = "$(ARCHS_STANDARD_INCLUDING_64_BIT)";
				CLANG_CXX_LANGUAGE_STANDARD = "gnu++0x";
				CLANG_CXX_LIBRARY = "libc++";
				CLANG_ENABLE_MODULES = YES;
				CLANG_ENABLE_OBJC_ARC = YES;
				CLANG_WARN_BOOL_CONVERSION = YES;
				CLANG_WARN_CONSTANT_CONVERSION = YES;
				CLANG_WARN_DIRECT_OBJC_ISA_USAGE = YES_ERROR;
				CLANG_WARN_EMPTY_BODY = YES;
				CLANG_WARN_ENUM_CONVERSION = YES;
				CLANG_WARN_INT_CONVERSION = YES;
				CLANG_WARN_OBJC_ROOT_CLASS = YES_ERROR;
				CLANG_WARN__DUPLICATE_METHOD_MATCH = YES;
				"CODE_SIGN_IDENTITY[sdk=iphoneos*]" = "iPhone Developer";
				COPY_PHASE_STRIP = YES;
				ENABLE_NS_ASSERTIONS = NO;
				GCC_C_LANGUAGE_STANDARD = gnu99;
				GCC_WARN_64_TO_32_BIT_CONVERSION = YES;
				GCC_WARN_ABOUT_RETURN_TYPE = YES_ERROR;
				GCC_WARN_UNDECLARED_SELECTOR = YES;
				GCC_WARN_UNINITIALIZED_AUTOS = YES;
				GCC_WARN_UNUSED_FUNCTION = YES;
				GCC_WARN_UNUSED_VARIABLE = YES;
				IPHONEOS_DEPLOYMENT_TARGET = 7.0;
				SDKROOT = iphoneos;
				VALIDATE_PRODUCT = YES;
			};
			name = Release;
		};
		FE9148FC18C7CE8B00A694B5 /* Debug */ = {
			isa = XCBuildConfiguration;
			buildSettings = {
				ASSETCATALOG_COMPILER_APPICON_NAME = AppIcon;
				ASSETCATALOG_COMPILER_LAUNCHIMAGE_NAME = LaunchImage;
				GCC_PRECOMPILE_PREFIX_HEADER = YES;
				GCC_PREFIX_HEADER = "BrainTracker/BrainTracker-Prefix.pch";
				INFOPLIST_FILE = "BrainTracker/BrainTracker-Info.plist";
				LIBRARY_SEARCH_PATHS = (
					"$(inherited)",
					"$(PROJECT_DIR)/BrainTracker",
				);
				"OTHER_LDFLAGS[arch=*]" = "-ObjC";
				PRODUCT_NAME = "$(TARGET_NAME)";
				WRAPPER_EXTENSION = app;
			};
			name = Debug;
		};
		FE9148FD18C7CE8B00A694B5 /* Release */ = {
			isa = XCBuildConfiguration;
			buildSettings = {
				ASSETCATALOG_COMPILER_APPICON_NAME = AppIcon;
				ASSETCATALOG_COMPILER_LAUNCHIMAGE_NAME = LaunchImage;
				GCC_PRECOMPILE_PREFIX_HEADER = YES;
				GCC_PREFIX_HEADER = "BrainTracker/BrainTracker-Prefix.pch";
				INFOPLIST_FILE = "BrainTracker/BrainTracker-Info.plist";
				LIBRARY_SEARCH_PATHS = (
					"$(inherited)",
					"$(PROJECT_DIR)/BrainTracker",
				);
				"OTHER_LDFLAGS[arch=*]" = "-ObjC";
				PRODUCT_NAME = "$(TARGET_NAME)";
				WRAPPER_EXTENSION = app;
			};
			name = Release;
		};
		FE9148FF18C7CE8B00A694B5 /* Debug */ = {
			isa = XCBuildConfiguration;
			buildSettings = {
				ARCHS = "$(ARCHS_STANDARD_INCLUDING_64_BIT)";
				BUNDLE_LOADER = "$(BUILT_PRODUCTS_DIR)/BrainTracker.app/BrainTracker";
				FRAMEWORK_SEARCH_PATHS = (
					"$(SDKROOT)/Developer/Library/Frameworks",
					"$(inherited)",
					"$(DEVELOPER_FRAMEWORKS_DIR)",
				);
				GCC_PRECOMPILE_PREFIX_HEADER = YES;
				GCC_PREFIX_HEADER = "BrainTracker/BrainTracker-Prefix.pch";
				GCC_PREPROCESSOR_DEFINITIONS = (
					"DEBUG=1",
					"$(inherited)",
				);
				INFOPLIST_FILE = "BrainTrackerTests/BrainTrackerTests-Info.plist";
				PRODUCT_NAME = "$(TARGET_NAME)";
				TEST_HOST = "$(BUNDLE_LOADER)";
				WRAPPER_EXTENSION = xctest;
			};
			name = Debug;
		};
		FE91490018C7CE8B00A694B5 /* Release */ = {
			isa = XCBuildConfiguration;
			buildSettings = {
				ARCHS = "$(ARCHS_STANDARD_INCLUDING_64_BIT)";
				BUNDLE_LOADER = "$(BUILT_PRODUCTS_DIR)/BrainTracker.app/BrainTracker";
				FRAMEWORK_SEARCH_PATHS = (
					"$(SDKROOT)/Developer/Library/Frameworks",
					"$(inherited)",
					"$(DEVELOPER_FRAMEWORKS_DIR)",
				);
				GCC_PRECOMPILE_PREFIX_HEADER = YES;
				GCC_PREFIX_HEADER = "BrainTracker/BrainTracker-Prefix.pch";
				INFOPLIST_FILE = "BrainTrackerTests/BrainTrackerTests-Info.plist";
				PRODUCT_NAME = "$(TARGET_NAME)";
				TEST_HOST = "$(BUNDLE_LOADER)";
				WRAPPER_EXTENSION = xctest;
			};
			name = Release;
		};
/* End XCBuildConfiguration section */

/* Begin XCConfigurationList section */
		FE9148C118C7CE8B00A694B5 /* Build configuration list for PBXProject "BrainTracker" */ = {
			isa = XCConfigurationList;
			buildConfigurations = (
				FE9148F918C7CE8B00A694B5 /* Debug */,
				FE9148FA18C7CE8B00A694B5 /* Release */,
			);
			defaultConfigurationIsVisible = 0;
			defaultConfigurationName = Release;
		};
		FE9148FB18C7CE8B00A694B5 /* Build configuration list for PBXNativeTarget "BrainTracker" */ = {
			isa = XCConfigurationList;
			buildConfigurations = (
				FE9148FC18C7CE8B00A694B5 /* Debug */,
				FE9148FD18C7CE8B00A694B5 /* Release */,
			);
			defaultConfigurationIsVisible = 0;
			defaultConfigurationName = Release;
		};
		FE9148FE18C7CE8B00A694B5 /* Build configuration list for PBXNativeTarget "BrainTrackerTests" */ = {
			isa = XCConfigurationList;
			buildConfigurations = (
				FE9148FF18C7CE8B00A694B5 /* Debug */,
				FE91490018C7CE8B00A694B5 /* Release */,
			);
			defaultConfigurationIsVisible = 0;
			defaultConfigurationName = Release;
		};
/* End XCConfigurationList section */

/* Begin XCVersionGroup section */
		FE5B4CA218CBE03900409CA5 /* BrainTest.xcdatamodeld */ = {
			isa = XCVersionGroup;
			children = (
				FE5B4CA318CBE03900409CA5 /* BrainTest.xcdatamodel */,
			);
			currentVersion = FE5B4CA318CBE03900409CA5 /* BrainTest.xcdatamodel */;
			path = BrainTest.xcdatamodeld;
			sourceTree = "<group>";
			versionGroupType = wrapper.xcdatamodel;
		};
/* End XCVersionGroup section */
	};
	rootObject = FE9148BE18C7CE8B00A694B5 /* Project object */;
}
