// !$*UTF8*$!
{
	archiveVersion = 1;
	classes = {
	};
	objectVersion = 46;
	objects = {

/* Begin PBXBuildFile section */
		FE3A780E18E0A4750049F45E /* BTPlayViewController.m in Sources */ = {isa = PBXBuildFile; fileRef = FE3A780D18E0A4750049F45E /* BTPlayViewController.m */; };
		FE3A781118E0A6850049F45E /* BTStimulusResponseView.m in Sources */ = {isa = PBXBuildFile; fileRef = FE3A781018E0A6850049F45E /* BTStimulusResponseView.m */; };
		FE5B4C9C18CA830600409CA5 /* home-7.png in Resources */ = {isa = PBXBuildFile; fileRef = FE5B4C9B18CA830600409CA5 /* home-7.png */; };
		FE5B4C9E18CA831300409CA5 /* config30x30.png in Resources */ = {isa = PBXBuildFile; fileRef = FE5B4C9D18CA831300409CA5 /* config30x30.png */; };
		FE5B4CA118CA86A900409CA5 /* BTResultsVC.m in Sources */ = {isa = PBXBuildFile; fileRef = FE5B4CA018CA86A900409CA5 /* BTResultsVC.m */; };
		FE5B4CA418CBE03900409CA5 /* BrainTest.xcdatamodeld in Sources */ = {isa = PBXBuildFile; fileRef = FE5B4CA218CBE03900409CA5 /* BrainTest.xcdatamodeld */; };
		FE5B4CAD18CBEE0C00409CA5 /* CoreData.framework in Frameworks */ = {isa = PBXBuildFile; fileRef = FE5B4CAC18CBEE0C00409CA5 /* CoreData.framework */; };
		FE5B8DC6190C574700DA47E0 /* BTResultsTableViewCell.m in Sources */ = {isa = PBXBuildFile; fileRef = FE5B8DC5190C574700DA47E0 /* BTResultsTableViewCell.m */; };
		FE7A475618F5CD1700BDC95D /* BTDataSession.m in Sources */ = {isa = PBXBuildFile; fileRef = FE7A475518F5CD1700BDC95D /* BTDataSession.m */; };
		FE7A475918F5CD1700BDC95D /* BTData.m in Sources */ = {isa = PBXBuildFile; fileRef = FE7A475818F5CD1700BDC95D /* BTData.m */; };
		FE8BB5EC18E7DB50004A7F19 /* BTStartView.m in Sources */ = {isa = PBXBuildFile; fileRef = FE8BB5EB18E7DB50004A7F19 /* BTStartView.m */; };
		FE9148CA18C7CE8B00A694B5 /* Foundation.framework in Frameworks */ = {isa = PBXBuildFile; fileRef = FE9148C918C7CE8B00A694B5 /* Foundation.framework */; };
		FE9148CC18C7CE8B00A694B5 /* CoreGraphics.framework in Frameworks */ = {isa = PBXBuildFile; fileRef = FE9148CB18C7CE8B00A694B5 /* CoreGraphics.framework */; };
		FE9148CE18C7CE8B00A694B5 /* UIKit.framework in Frameworks */ = {isa = PBXBuildFile; fileRef = FE9148CD18C7CE8B00A694B5 /* UIKit.framework */; };
		FE9148D418C7CE8B00A694B5 /* InfoPlist.strings in Resources */ = {isa = PBXBuildFile; fileRef = FE9148D218C7CE8B00A694B5 /* InfoPlist.strings */; };
		FE9148D618C7CE8B00A694B5 /* main.m in Sources */ = {isa = PBXBuildFile; fileRef = FE9148D518C7CE8B00A694B5 /* main.m */; };
		FE9148DA18C7CE8B00A694B5 /* BTAppDelegate.m in Sources */ = {isa = PBXBuildFile; fileRef = FE9148D918C7CE8B00A694B5 /* BTAppDelegate.m */; };
		FE9148DD18C7CE8B00A694B5 /* Main.storyboard in Resources */ = {isa = PBXBuildFile; fileRef = FE9148DB18C7CE8B00A694B5 /* Main.storyboard */; };
		FE9148E318C7CE8B00A694B5 /* BTSettingsVC.m in Sources */ = {isa = PBXBuildFile; fileRef = FE9148E218C7CE8B00A694B5 /* BTSettingsVC.m */; };
		FE9148E518C7CE8B00A694B5 /* Images.xcassets in Resources */ = {isa = PBXBuildFile; fileRef = FE9148E418C7CE8B00A694B5 /* Images.xcassets */; };
		FE9148EC18C7CE8B00A694B5 /* XCTest.framework in Frameworks */ = {isa = PBXBuildFile; fileRef = FE9148EB18C7CE8B00A694B5 /* XCTest.framework */; };
		FE9148ED18C7CE8B00A694B5 /* Foundation.framework in Frameworks */ = {isa = PBXBuildFile; fileRef = FE9148C918C7CE8B00A694B5 /* Foundation.framework */; };
		FE9148EE18C7CE8B00A694B5 /* UIKit.framework in Frameworks */ = {isa = PBXBuildFile; fileRef = FE9148CD18C7CE8B00A694B5 /* UIKit.framework */; };
		FE9148F618C7CE8B00A694B5 /* InfoPlist.strings in Resources */ = {isa = PBXBuildFile; fileRef = FE9148F418C7CE8B00A694B5 /* InfoPlist.strings */; };
		FE91490618C7D02F00A694B5 /* BTResponse.m in Sources */ = {isa = PBXBuildFile; fileRef = FE91490518C7D02F00A694B5 /* BTResponse.m */; };
		FE91490C18C7D05A00A694B5 /* BTResultsTracker.m in Sources */ = {isa = PBXBuildFile; fileRef = FE91490B18C7D05A00A694B5 /* BTResultsTracker.m */; };
		FE91491218C7D36500A694B5 /* BTResponseView.m in Sources */ = {isa = PBXBuildFile; fileRef = FE91491118C7D36500A694B5 /* BTResponseView.m */; };
		FE91491B18CA761D00A694B5 /* Chart_Up@2x.png in Resources */ = {isa = PBXBuildFile; fileRef = FE91491A18CA761D00A694B5 /* Chart_Up@2x.png */; };
		FEA1F3B918F21B87002060CC /* BTStimulus.m in Sources */ = {isa = PBXBuildFile; fileRef = FEA1F3B818F21B87002060CC /* BTStimulus.m */; };
		FEB3388318D7A53B00BA1D4D /* libCorePlot-CocoaTouch.a in Frameworks */ = {isa = PBXBuildFile; fileRef = FEB3382F18D79D5000BA1D4D /* libCorePlot-CocoaTouch.a */; };
		FEB338D418D7A5FD00BA1D4D /* libCorePlot-CocoaTouch.a in Frameworks */ = {isa = PBXBuildFile; fileRef = FEB338D318D7A5FD00BA1D4D /* libCorePlot-CocoaTouch.a */; };
		FEB338D718DA68FB00BA1D4D /* README.md in Resources */ = {isa = PBXBuildFile; fileRef = FEB338D618DA68FB00BA1D4D /* README.md */; };
		FEBA977618ECED03007E8245 /* BTHomeVC.m in Sources */ = {isa = PBXBuildFile; fileRef = FEBA977518ECED03007E8245 /* BTHomeVC.m */; };
		FEBA977E18EF4A6C007E8245 /* BTSessionVC.m in Sources */ = {isa = PBXBuildFile; fileRef = FEBA977D18EF4A6C007E8245 /* BTSessionVC.m */; };
		FEBA978418EF4EE7007E8245 /* BTMoleWhackViewer.m in Sources */ = {isa = PBXBuildFile; fileRef = FEBA978318EF4EE7007E8245 /* BTMoleWhackViewer.m */; };
		FEBEC07D18E5ECC000CED03B /* BTMoleVC.m in Sources */ = {isa = PBXBuildFile; fileRef = FEBEC07C18E5ECC000CED03B /* BTMoleVC.m */; };
		FEBEC08418E5F32B00CED03B /* BTMoleView.m in Sources */ = {isa = PBXBuildFile; fileRef = FEBEC08318E5F32B00CED03B /* BTMoleView.m */; };
		FEBEE28719317B040056A5B2 /* BTSession.m in Sources */ = {isa = PBXBuildFile; fileRef = FEBEE28619317B040056A5B2 /* BTSession.m */; };
		FED57F8E18CF737200B91DEA /* QuartzCore.framework in Frameworks */ = {isa = PBXBuildFile; fileRef = FED57F8D18CF737200B91DEA /* QuartzCore.framework */; };
		FED57F9118CF757C00B91DEA /* BTChartVC.m in Sources */ = {isa = PBXBuildFile; fileRef = FED57F9018CF757C00B91DEA /* BTChartVC.m */; };
		FEF7296818E9279E0094B30D /* BTResultsTrackerTestCase.m in Sources */ = {isa = PBXBuildFile; fileRef = FEF7296718E9279E0094B30D /* BTResultsTrackerTestCase.m */; };
		FEFDCA0B18DD513E0083F7EF /* BTWedgeView.m in Sources */ = {isa = PBXBuildFile; fileRef = FEFDCA0A18DD513E0083F7EF /* BTWedgeView.m */; };
		FEFDCA1518DDD0E10083F7EF /* BTStartVC.m in Sources */ = {isa = PBXBuildFile; fileRef = FEFDCA1418DDD0E10083F7EF /* BTStartVC.m */; };
/* End PBXBuildFile section */

/* Begin PBXContainerItemProxy section */
		FE9148EF18C7CE8B00A694B5 /* PBXContainerItemProxy */ = {
			isa = PBXContainerItemProxy;
			containerPortal = FE9148BE18C7CE8B00A694B5 /* Project object */;
			proxyType = 1;
			remoteGlobalIDString = FE9148C518C7CE8B00A694B5;
			remoteInfo = BrainTracker;
		};
/* End PBXContainerItemProxy section */

/* Begin PBXFileReference section */
		FE3A780C18E0A4750049F45E /* BTPlayViewController.h */ = {isa = PBXFileReference; fileEncoding = 4; lastKnownFileType = sourcecode.c.h; path = BTPlayViewController.h; sourceTree = "<group>"; };
		FE3A780D18E0A4750049F45E /* BTPlayViewController.m */ = {isa = PBXFileReference; fileEncoding = 4; lastKnownFileType = sourcecode.c.objc; path = BTPlayViewController.m; sourceTree = "<group>"; };
		FE3A780F18E0A6850049F45E /* BTStimulusResponseView.h */ = {isa = PBXFileReference; fileEncoding = 4; lastKnownFileType = sourcecode.c.h; name = BTStimulusResponseView.h; path = BrainTracker/BTStimulusResponseView.h; sourceTree = "<group>"; };
		FE3A781018E0A6850049F45E /* BTStimulusResponseView.m */ = {isa = PBXFileReference; fileEncoding = 4; lastKnownFileType = sourcecode.c.objc; name = BTStimulusResponseView.m; path = BrainTracker/BTStimulusResponseView.m; sourceTree = "<group>"; };
		FE5B4C9B18CA830600409CA5 /* home-7.png */ = {isa = PBXFileReference; lastKnownFileType = image.png; path = "home-7.png"; sourceTree = "<group>"; };
		FE5B4C9D18CA831300409CA5 /* config30x30.png */ = {isa = PBXFileReference; lastKnownFileType = image.png; path = config30x30.png; sourceTree = "<group>"; };
		FE5B4C9F18CA86A900409CA5 /* BTResultsVC.h */ = {isa = PBXFileReference; fileEncoding = 4; lastKnownFileType = sourcecode.c.h; name = BTResultsVC.h; path = ../BTResultsVC.h; sourceTree = "<group>"; };
		FE5B4CA018CA86A900409CA5 /* BTResultsVC.m */ = {isa = PBXFileReference; fileEncoding = 4; lastKnownFileType = sourcecode.c.objc; name = BTResultsVC.m; path = ../BTResultsVC.m; sourceTree = "<group>"; };
		FE5B4CA318CBE03900409CA5 /* BrainTest.xcdatamodel */ = {isa = PBXFileReference; lastKnownFileType = wrapper.xcdatamodel; path = BrainTest.xcdatamodel; sourceTree = "<group>"; };
		FE5B4CAC18CBEE0C00409CA5 /* CoreData.framework */ = {isa = PBXFileReference; lastKnownFileType = wrapper.framework; name = CoreData.framework; path = System/Library/Frameworks/CoreData.framework; sourceTree = SDKROOT; };
		FE5B8DC4190C574700DA47E0 /* BTResultsTableViewCell.h */ = {isa = PBXFileReference; fileEncoding = 4; lastKnownFileType = sourcecode.c.h; path = BTResultsTableViewCell.h; sourceTree = "<group>"; };
		FE5B8DC5190C574700DA47E0 /* BTResultsTableViewCell.m */ = {isa = PBXFileReference; fileEncoding = 4; lastKnownFileType = sourcecode.c.objc; path = BTResultsTableViewCell.m; sourceTree = "<group>"; };
		FE7A475418F5CD1700BDC95D /* BTDataSession.h */ = {isa = PBXFileReference; fileEncoding = 4; lastKnownFileType = sourcecode.c.h; path = BTDataSession.h; sourceTree = "<group>"; };
		FE7A475518F5CD1700BDC95D /* BTDataSession.m */ = {isa = PBXFileReference; fileEncoding = 4; lastKnownFileType = sourcecode.c.objc; path = BTDataSession.m; sourceTree = "<group>"; };
		FE7A475718F5CD1700BDC95D /* BTData.h */ = {isa = PBXFileReference; fileEncoding = 4; lastKnownFileType = sourcecode.c.h; path = BTData.h; sourceTree = "<group>"; };
		FE7A475818F5CD1700BDC95D /* BTData.m */ = {isa = PBXFileReference; fileEncoding = 4; lastKnownFileType = sourcecode.c.objc; path = BTData.m; sourceTree = "<group>"; };
		FE8BB5EA18E7DB50004A7F19 /* BTStartView.h */ = {isa = PBXFileReference; fileEncoding = 4; lastKnownFileType = sourcecode.c.h; path = BTStartView.h; sourceTree = "<group>"; };
		FE8BB5EB18E7DB50004A7F19 /* BTStartView.m */ = {isa = PBXFileReference; fileEncoding = 4; lastKnownFileType = sourcecode.c.objc; path = BTStartView.m; sourceTree = "<group>"; };
		FE9148C618C7CE8B00A694B5 /* BrainTracker.app */ = {isa = PBXFileReference; explicitFileType = wrapper.application; includeInIndex = 0; path = BrainTracker.app; sourceTree = BUILT_PRODUCTS_DIR; };
		FE9148C918C7CE8B00A694B5 /* Foundation.framework */ = {isa = PBXFileReference; lastKnownFileType = wrapper.framework; name = Foundation.framework; path = System/Library/Frameworks/Foundation.framework; sourceTree = SDKROOT; };
		FE9148CB18C7CE8B00A694B5 /* CoreGraphics.framework */ = {isa = PBXFileReference; lastKnownFileType = wrapper.framework; name = CoreGraphics.framework; path = System/Library/Frameworks/CoreGraphics.framework; sourceTree = SDKROOT; };
		FE9148CD18C7CE8B00A694B5 /* UIKit.framework */ = {isa = PBXFileReference; lastKnownFileType = wrapper.framework; name = UIKit.framework; path = System/Library/Frameworks/UIKit.framework; sourceTree = SDKROOT; };
		FE9148D118C7CE8B00A694B5 /* BrainTracker-Info.plist */ = {isa = PBXFileReference; lastKnownFileType = text.plist.xml; path = "BrainTracker-Info.plist"; sourceTree = "<group>"; };
		FE9148D318C7CE8B00A694B5 /* en */ = {isa = PBXFileReference; lastKnownFileType = text.plist.strings; name = en; path = en.lproj/InfoPlist.strings; sourceTree = "<group>"; };
		FE9148D518C7CE8B00A694B5 /* main.m */ = {isa = PBXFileReference; lastKnownFileType = sourcecode.c.objc; path = main.m; sourceTree = "<group>"; };
		FE9148D718C7CE8B00A694B5 /* BrainTracker-Prefix.pch */ = {isa = PBXFileReference; lastKnownFileType = sourcecode.c.h; path = "BrainTracker-Prefix.pch"; sourceTree = "<group>"; };
		FE9148D818C7CE8B00A694B5 /* BTAppDelegate.h */ = {isa = PBXFileReference; lastKnownFileType = sourcecode.c.h; path = BTAppDelegate.h; sourceTree = "<group>"; };
		FE9148D918C7CE8B00A694B5 /* BTAppDelegate.m */ = {isa = PBXFileReference; lastKnownFileType = sourcecode.c.objc; path = BTAppDelegate.m; sourceTree = "<group>"; };
		FE9148DC18C7CE8B00A694B5 /* Base */ = {isa = PBXFileReference; lastKnownFileType = file.storyboard; name = Base; path = Base.lproj/Main.storyboard; sourceTree = "<group>"; };
		FE9148E118C7CE8B00A694B5 /* BTSettingsVC.h */ = {isa = PBXFileReference; lastKnownFileType = sourcecode.c.h; path = BTSettingsVC.h; sourceTree = "<group>"; };
		FE9148E218C7CE8B00A694B5 /* BTSettingsVC.m */ = {isa = PBXFileReference; lastKnownFileType = sourcecode.c.objc; lineEnding = 0; path = BTSettingsVC.m; sourceTree = "<group>"; xcLanguageSpecificationIdentifier = xcode.lang.objc; };
		FE9148E418C7CE8B00A694B5 /* Images.xcassets */ = {isa = PBXFileReference; lastKnownFileType = folder.assetcatalog; path = Images.xcassets; sourceTree = "<group>"; };
		FE9148EA18C7CE8B00A694B5 /* BrainTrackerTests.xctest */ = {isa = PBXFileReference; explicitFileType = wrapper.cfbundle; includeInIndex = 0; path = BrainTrackerTests.xctest; sourceTree = BUILT_PRODUCTS_DIR; };
		FE9148EB18C7CE8B00A694B5 /* XCTest.framework */ = {isa = PBXFileReference; lastKnownFileType = wrapper.framework; name = XCTest.framework; path = Library/Frameworks/XCTest.framework; sourceTree = DEVELOPER_DIR; };
		FE9148F318C7CE8B00A694B5 /* BrainTrackerTests-Info.plist */ = {isa = PBXFileReference; lastKnownFileType = text.plist.xml; path = "BrainTrackerTests-Info.plist"; sourceTree = "<group>"; };
		FE9148F518C7CE8B00A694B5 /* en */ = {isa = PBXFileReference; lastKnownFileType = text.plist.strings; name = en; path = en.lproj/InfoPlist.strings; sourceTree = "<group>"; };
		FE91490418C7D02F00A694B5 /* BTResponse.h */ = {isa = PBXFileReference; fileEncoding = 4; lastKnownFileType = sourcecode.c.h; path = BTResponse.h; sourceTree = "<group>"; };
		FE91490518C7D02F00A694B5 /* BTResponse.m */ = {isa = PBXFileReference; fileEncoding = 4; lastKnownFileType = sourcecode.c.objc; lineEnding = 0; path = BTResponse.m; sourceTree = "<group>"; xcLanguageSpecificationIdentifier = xcode.lang.objc; };
		FE91490A18C7D05A00A694B5 /* BTResultsTracker.h */ = {isa = PBXFileReference; fileEncoding = 4; lastKnownFileType = sourcecode.c.h; lineEnding = 0; path = BTResultsTracker.h; sourceTree = "<group>"; xcLanguageSpecificationIdentifier = xcode.lang.objcpp; };
		FE91490B18C7D05A00A694B5 /* BTResultsTracker.m */ = {isa = PBXFileReference; fileEncoding = 4; lastKnownFileType = sourcecode.c.objc; lineEnding = 0; path = BTResultsTracker.m; sourceTree = "<group>"; xcLanguageSpecificationIdentifier = xcode.lang.objc; };
		FE91491018C7D36500A694B5 /* BTResponseView.h */ = {isa = PBXFileReference; fileEncoding = 4; lastKnownFileType = sourcecode.c.h; path = BTResponseView.h; sourceTree = "<group>"; };
		FE91491118C7D36500A694B5 /* BTResponseView.m */ = {isa = PBXFileReference; fileEncoding = 4; lastKnownFileType = sourcecode.c.objc; path = BTResponseView.m; sourceTree = "<group>"; };
		FE91491A18CA761D00A694B5 /* Chart_Up@2x.png */ = {isa = PBXFileReference; lastKnownFileType = image.png; path = "Chart_Up@2x.png"; sourceTree = "<group>"; };
		FEA1F3B718F21B87002060CC /* BTStimulus.h */ = {isa = PBXFileReference; fileEncoding = 4; lastKnownFileType = sourcecode.c.h; path = BTStimulus.h; sourceTree = "<group>"; };
		FEA1F3B818F21B87002060CC /* BTStimulus.m */ = {isa = PBXFileReference; fileEncoding = 4; lastKnownFileType = sourcecode.c.objc; path = BTStimulus.m; sourceTree = "<group>"; };
		FEB3382F18D79D5000BA1D4D /* libCorePlot-CocoaTouch.a */ = {isa = PBXFileReference; lastKnownFileType = archive.ar; name = "libCorePlot-CocoaTouch.a"; path = "../../Projects/Programming/CorePlot_1.5.1/Binaries/iOS/libCorePlot-CocoaTouch.a"; sourceTree = "<group>"; };
		FEB3388518D7A5FD00BA1D4D /* CorePlot-CocoaTouch.h */ = {isa = PBXFileReference; fileEncoding = 4; lastKnownFileType = sourcecode.c.h; path = "CorePlot-CocoaTouch.h"; sourceTree = "<group>"; };
		FEB3388618D7A5FD00BA1D4D /* CPTAnimation.h */ = {isa = PBXFileReference; fileEncoding = 4; lastKnownFileType = sourcecode.c.h; path = CPTAnimation.h; sourceTree = "<group>"; };
		FEB3388718D7A5FD00BA1D4D /* CPTAnimationOperation.h */ = {isa = PBXFileReference; fileEncoding = 4; lastKnownFileType = sourcecode.c.h; path = CPTAnimationOperation.h; sourceTree = "<group>"; };
		FEB3388818D7A5FD00BA1D4D /* CPTAnimationPeriod.h */ = {isa = PBXFileReference; fileEncoding = 4; lastKnownFileType = sourcecode.c.h; path = CPTAnimationPeriod.h; sourceTree = "<group>"; };
		FEB3388918D7A5FD00BA1D4D /* CPTAnnotation.h */ = {isa = PBXFileReference; fileEncoding = 4; lastKnownFileType = sourcecode.c.h; path = CPTAnnotation.h; sourceTree = "<group>"; };
		FEB3388A18D7A5FD00BA1D4D /* CPTAnnotationHostLayer.h */ = {isa = PBXFileReference; fileEncoding = 4; lastKnownFileType = sourcecode.c.h; path = CPTAnnotationHostLayer.h; sourceTree = "<group>"; };
		FEB3388B18D7A5FD00BA1D4D /* CPTAxis.h */ = {isa = PBXFileReference; fileEncoding = 4; lastKnownFileType = sourcecode.c.h; path = CPTAxis.h; sourceTree = "<group>"; };
		FEB3388C18D7A5FD00BA1D4D /* CPTAxisLabel.h */ = {isa = PBXFileReference; fileEncoding = 4; lastKnownFileType = sourcecode.c.h; path = CPTAxisLabel.h; sourceTree = "<group>"; };
		FEB3388D18D7A5FD00BA1D4D /* CPTAxisLabelGroup.h */ = {isa = PBXFileReference; fileEncoding = 4; lastKnownFileType = sourcecode.c.h; path = CPTAxisLabelGroup.h; sourceTree = "<group>"; };
		FEB3388E18D7A5FD00BA1D4D /* CPTAxisSet.h */ = {isa = PBXFileReference; fileEncoding = 4; lastKnownFileType = sourcecode.c.h; path = CPTAxisSet.h; sourceTree = "<group>"; };
		FEB3388F18D7A5FD00BA1D4D /* CPTAxisTitle.h */ = {isa = PBXFileReference; fileEncoding = 4; lastKnownFileType = sourcecode.c.h; path = CPTAxisTitle.h; sourceTree = "<group>"; };
		FEB3389018D7A5FD00BA1D4D /* CPTBarPlot.h */ = {isa = PBXFileReference; fileEncoding = 4; lastKnownFileType = sourcecode.c.h; path = CPTBarPlot.h; sourceTree = "<group>"; };
		FEB3389118D7A5FD00BA1D4D /* CPTBorderedLayer.h */ = {isa = PBXFileReference; fileEncoding = 4; lastKnownFileType = sourcecode.c.h; path = CPTBorderedLayer.h; sourceTree = "<group>"; };
		FEB3389218D7A5FD00BA1D4D /* CPTCalendarFormatter.h */ = {isa = PBXFileReference; fileEncoding = 4; lastKnownFileType = sourcecode.c.h; path = CPTCalendarFormatter.h; sourceTree = "<group>"; };
		FEB3389318D7A5FD00BA1D4D /* CPTColor.h */ = {isa = PBXFileReference; fileEncoding = 4; lastKnownFileType = sourcecode.c.h; path = CPTColor.h; sourceTree = "<group>"; };
		FEB3389418D7A5FD00BA1D4D /* CPTColorSpace.h */ = {isa = PBXFileReference; fileEncoding = 4; lastKnownFileType = sourcecode.c.h; path = CPTColorSpace.h; sourceTree = "<group>"; };
		FEB3389518D7A5FD00BA1D4D /* CPTConstraints.h */ = {isa = PBXFileReference; fileEncoding = 4; lastKnownFileType = sourcecode.c.h; path = CPTConstraints.h; sourceTree = "<group>"; };
		FEB3389618D7A5FD00BA1D4D /* CPTDataSourceTestCase.h */ = {isa = PBXFileReference; fileEncoding = 4; lastKnownFileType = sourcecode.c.h; path = CPTDataSourceTestCase.h; sourceTree = "<group>"; };
		FEB3389718D7A5FD00BA1D4D /* CPTDefinitions.h */ = {isa = PBXFileReference; fileEncoding = 4; lastKnownFileType = sourcecode.c.h; path = CPTDefinitions.h; sourceTree = "<group>"; };
		FEB3389818D7A5FD00BA1D4D /* CPTDerivedXYGraph.h */ = {isa = PBXFileReference; fileEncoding = 4; lastKnownFileType = sourcecode.c.h; path = CPTDerivedXYGraph.h; sourceTree = "<group>"; };
		FEB3389918D7A5FD00BA1D4D /* CPTExceptions.h */ = {isa = PBXFileReference; fileEncoding = 4; lastKnownFileType = sourcecode.c.h; path = CPTExceptions.h; sourceTree = "<group>"; };
		FEB3389A18D7A5FD00BA1D4D /* CPTFill.h */ = {isa = PBXFileReference; fileEncoding = 4; lastKnownFileType = sourcecode.c.h; path = CPTFill.h; sourceTree = "<group>"; };
		FEB3389B18D7A5FD00BA1D4D /* CPTFunctionDataSource.h */ = {isa = PBXFileReference; fileEncoding = 4; lastKnownFileType = sourcecode.c.h; path = CPTFunctionDataSource.h; sourceTree = "<group>"; };
		FEB3389C18D7A5FD00BA1D4D /* CPTGradient.h */ = {isa = PBXFileReference; fileEncoding = 4; lastKnownFileType = sourcecode.c.h; path = CPTGradient.h; sourceTree = "<group>"; };
		FEB3389D18D7A5FD00BA1D4D /* CPTGraph.h */ = {isa = PBXFileReference; fileEncoding = 4; lastKnownFileType = sourcecode.c.h; path = CPTGraph.h; sourceTree = "<group>"; };
		FEB3389E18D7A5FD00BA1D4D /* CPTGraphHostingView.h */ = {isa = PBXFileReference; fileEncoding = 4; lastKnownFileType = sourcecode.c.h; path = CPTGraphHostingView.h; sourceTree = "<group>"; };
		FEB3389F18D7A5FD00BA1D4D /* CPTGridLineGroup.h */ = {isa = PBXFileReference; fileEncoding = 4; lastKnownFileType = sourcecode.c.h; path = CPTGridLineGroup.h; sourceTree = "<group>"; };
		FEB338A018D7A5FD00BA1D4D /* CPTGridLines.h */ = {isa = PBXFileReference; fileEncoding = 4; lastKnownFileType = sourcecode.c.h; path = CPTGridLines.h; sourceTree = "<group>"; };
		FEB338A118D7A5FD00BA1D4D /* CPTImage.h */ = {isa = PBXFileReference; fileEncoding = 4; lastKnownFileType = sourcecode.c.h; path = CPTImage.h; sourceTree = "<group>"; };
		FEB338A218D7A5FD00BA1D4D /* CPTLayer.h */ = {isa = PBXFileReference; fileEncoding = 4; lastKnownFileType = sourcecode.c.h; path = CPTLayer.h; sourceTree = "<group>"; };
		FEB338A318D7A5FD00BA1D4D /* CPTLayerAnnotation.h */ = {isa = PBXFileReference; fileEncoding = 4; lastKnownFileType = sourcecode.c.h; path = CPTLayerAnnotation.h; sourceTree = "<group>"; };
		FEB338A418D7A5FD00BA1D4D /* CPTLegend.h */ = {isa = PBXFileReference; fileEncoding = 4; lastKnownFileType = sourcecode.c.h; path = CPTLegend.h; sourceTree = "<group>"; };
		FEB338A518D7A5FD00BA1D4D /* CPTLegendEntry.h */ = {isa = PBXFileReference; fileEncoding = 4; lastKnownFileType = sourcecode.c.h; path = CPTLegendEntry.h; sourceTree = "<group>"; };
		FEB338A618D7A5FD00BA1D4D /* CPTLimitBand.h */ = {isa = PBXFileReference; fileEncoding = 4; lastKnownFileType = sourcecode.c.h; path = CPTLimitBand.h; sourceTree = "<group>"; };
		FEB338A718D7A5FD00BA1D4D /* CPTLineCap.h */ = {isa = PBXFileReference; fileEncoding = 4; lastKnownFileType = sourcecode.c.h; path = CPTLineCap.h; sourceTree = "<group>"; };
		FEB338A818D7A5FD00BA1D4D /* CPTLineStyle.h */ = {isa = PBXFileReference; fileEncoding = 4; lastKnownFileType = sourcecode.c.h; path = CPTLineStyle.h; sourceTree = "<group>"; };
		FEB338A918D7A5FD00BA1D4D /* CPTMutableLineStyle.h */ = {isa = PBXFileReference; fileEncoding = 4; lastKnownFileType = sourcecode.c.h; path = CPTMutableLineStyle.h; sourceTree = "<group>"; };
		FEB338AA18D7A5FD00BA1D4D /* CPTMutableNumericData+TypeConversion.h */ = {isa = PBXFileReference; fileEncoding = 4; lastKnownFileType = sourcecode.c.h; path = "CPTMutableNumericData+TypeConversion.h"; sourceTree = "<group>"; };
		FEB338AB18D7A5FD00BA1D4D /* CPTMutableNumericData.h */ = {isa = PBXFileReference; fileEncoding = 4; lastKnownFileType = sourcecode.c.h; path = CPTMutableNumericData.h; sourceTree = "<group>"; };
		FEB338AC18D7A5FD00BA1D4D /* CPTMutablePlotRange.h */ = {isa = PBXFileReference; fileEncoding = 4; lastKnownFileType = sourcecode.c.h; path = CPTMutablePlotRange.h; sourceTree = "<group>"; };
		FEB338AD18D7A5FD00BA1D4D /* CPTMutableShadow.h */ = {isa = PBXFileReference; fileEncoding = 4; lastKnownFileType = sourcecode.c.h; path = CPTMutableShadow.h; sourceTree = "<group>"; };
		FEB338AE18D7A5FD00BA1D4D /* CPTMutableTextStyle.h */ = {isa = PBXFileReference; fileEncoding = 4; lastKnownFileType = sourcecode.c.h; path = CPTMutableTextStyle.h; sourceTree = "<group>"; };
		FEB338AF18D7A5FD00BA1D4D /* CPTNumericData+TypeConversion.h */ = {isa = PBXFileReference; fileEncoding = 4; lastKnownFileType = sourcecode.c.h; path = "CPTNumericData+TypeConversion.h"; sourceTree = "<group>"; };
		FEB338B018D7A5FD00BA1D4D /* CPTNumericData.h */ = {isa = PBXFileReference; fileEncoding = 4; lastKnownFileType = sourcecode.c.h; path = CPTNumericData.h; sourceTree = "<group>"; };
		FEB338B118D7A5FD00BA1D4D /* CPTNumericDataType.h */ = {isa = PBXFileReference; fileEncoding = 4; lastKnownFileType = sourcecode.c.h; path = CPTNumericDataType.h; sourceTree = "<group>"; };
		FEB338B218D7A5FD00BA1D4D /* CPTPathExtensions.h */ = {isa = PBXFileReference; fileEncoding = 4; lastKnownFileType = sourcecode.c.h; path = CPTPathExtensions.h; sourceTree = "<group>"; };
		FEB338B318D7A5FD00BA1D4D /* CPTPieChart.h */ = {isa = PBXFileReference; fileEncoding = 4; lastKnownFileType = sourcecode.c.h; path = CPTPieChart.h; sourceTree = "<group>"; };
		FEB338B418D7A5FD00BA1D4D /* CPTPlatformSpecificCategories.h */ = {isa = PBXFileReference; fileEncoding = 4; lastKnownFileType = sourcecode.c.h; path = CPTPlatformSpecificCategories.h; sourceTree = "<group>"; };
		FEB338B518D7A5FD00BA1D4D /* CPTPlatformSpecificDefines.h */ = {isa = PBXFileReference; fileEncoding = 4; lastKnownFileType = sourcecode.c.h; path = CPTPlatformSpecificDefines.h; sourceTree = "<group>"; };
		FEB338B618D7A5FD00BA1D4D /* CPTPlatformSpecificFunctions.h */ = {isa = PBXFileReference; fileEncoding = 4; lastKnownFileType = sourcecode.c.h; path = CPTPlatformSpecificFunctions.h; sourceTree = "<group>"; };
		FEB338B718D7A5FD00BA1D4D /* CPTPlot.h */ = {isa = PBXFileReference; fileEncoding = 4; lastKnownFileType = sourcecode.c.h; path = CPTPlot.h; sourceTree = "<group>"; };
		FEB338B818D7A5FD00BA1D4D /* CPTPlotArea.h */ = {isa = PBXFileReference; fileEncoding = 4; lastKnownFileType = sourcecode.c.h; path = CPTPlotArea.h; sourceTree = "<group>"; };
		FEB338B918D7A5FD00BA1D4D /* CPTPlotAreaFrame.h */ = {isa = PBXFileReference; fileEncoding = 4; lastKnownFileType = sourcecode.c.h; path = CPTPlotAreaFrame.h; sourceTree = "<group>"; };
		FEB338BA18D7A5FD00BA1D4D /* CPTPlotGroup.h */ = {isa = PBXFileReference; fileEncoding = 4; lastKnownFileType = sourcecode.c.h; path = CPTPlotGroup.h; sourceTree = "<group>"; };
		FEB338BB18D7A5FD00BA1D4D /* CPTPlotRange.h */ = {isa = PBXFileReference; fileEncoding = 4; lastKnownFileType = sourcecode.c.h; path = CPTPlotRange.h; sourceTree = "<group>"; };
		FEB338BC18D7A5FD00BA1D4D /* CPTPlotSpace.h */ = {isa = PBXFileReference; fileEncoding = 4; lastKnownFileType = sourcecode.c.h; path = CPTPlotSpace.h; sourceTree = "<group>"; };
		FEB338BD18D7A5FD00BA1D4D /* CPTPlotSpaceAnnotation.h */ = {isa = PBXFileReference; fileEncoding = 4; lastKnownFileType = sourcecode.c.h; path = CPTPlotSpaceAnnotation.h; sourceTree = "<group>"; };
		FEB338BE18D7A5FD00BA1D4D /* CPTPlotSymbol.h */ = {isa = PBXFileReference; fileEncoding = 4; lastKnownFileType = sourcecode.c.h; path = CPTPlotSymbol.h; sourceTree = "<group>"; };
		FEB338BF18D7A5FD00BA1D4D /* CPTRangePlot.h */ = {isa = PBXFileReference; fileEncoding = 4; lastKnownFileType = sourcecode.c.h; path = CPTRangePlot.h; sourceTree = "<group>"; };
		FEB338C018D7A5FD00BA1D4D /* CPTResponder.h */ = {isa = PBXFileReference; fileEncoding = 4; lastKnownFileType = sourcecode.c.h; path = CPTResponder.h; sourceTree = "<group>"; };
		FEB338C118D7A5FD00BA1D4D /* CPTScatterPlot.h */ = {isa = PBXFileReference; fileEncoding = 4; lastKnownFileType = sourcecode.c.h; path = CPTScatterPlot.h; sourceTree = "<group>"; };
		FEB338C218D7A5FD00BA1D4D /* CPTShadow.h */ = {isa = PBXFileReference; fileEncoding = 4; lastKnownFileType = sourcecode.c.h; path = CPTShadow.h; sourceTree = "<group>"; };
		FEB338C318D7A5FD00BA1D4D /* CPTTestCase.h */ = {isa = PBXFileReference; fileEncoding = 4; lastKnownFileType = sourcecode.c.h; path = CPTTestCase.h; sourceTree = "<group>"; };
		FEB338C418D7A5FD00BA1D4D /* CPTTextLayer.h */ = {isa = PBXFileReference; fileEncoding = 4; lastKnownFileType = sourcecode.c.h; path = CPTTextLayer.h; sourceTree = "<group>"; };
		FEB338C518D7A5FD00BA1D4D /* CPTTextStyle.h */ = {isa = PBXFileReference; fileEncoding = 4; lastKnownFileType = sourcecode.c.h; path = CPTTextStyle.h; sourceTree = "<group>"; };
		FEB338C618D7A5FD00BA1D4D /* CPTTextStylePlatformSpecific.h */ = {isa = PBXFileReference; fileEncoding = 4; lastKnownFileType = sourcecode.c.h; path = CPTTextStylePlatformSpecific.h; sourceTree = "<group>"; };
		FEB338C718D7A5FD00BA1D4D /* CPTTheme.h */ = {isa = PBXFileReference; fileEncoding = 4; lastKnownFileType = sourcecode.c.h; path = CPTTheme.h; sourceTree = "<group>"; };
		FEB338C818D7A5FD00BA1D4D /* CPTTimeFormatter.h */ = {isa = PBXFileReference; fileEncoding = 4; lastKnownFileType = sourcecode.c.h; path = CPTTimeFormatter.h; sourceTree = "<group>"; };
		FEB338C918D7A5FD00BA1D4D /* CPTTradingRangePlot.h */ = {isa = PBXFileReference; fileEncoding = 4; lastKnownFileType = sourcecode.c.h; path = CPTTradingRangePlot.h; sourceTree = "<group>"; };
		FEB338CA18D7A5FD00BA1D4D /* CPTUtilities.h */ = {isa = PBXFileReference; fileEncoding = 4; lastKnownFileType = sourcecode.c.h; path = CPTUtilities.h; sourceTree = "<group>"; };
		FEB338CB18D7A5FD00BA1D4D /* CPTXYAxis.h */ = {isa = PBXFileReference; fileEncoding = 4; lastKnownFileType = sourcecode.c.h; path = CPTXYAxis.h; sourceTree = "<group>"; };
		FEB338CC18D7A5FD00BA1D4D /* CPTXYAxisSet.h */ = {isa = PBXFileReference; fileEncoding = 4; lastKnownFileType = sourcecode.c.h; path = CPTXYAxisSet.h; sourceTree = "<group>"; };
		FEB338CD18D7A5FD00BA1D4D /* CPTXYGraph.h */ = {isa = PBXFileReference; fileEncoding = 4; lastKnownFileType = sourcecode.c.h; path = CPTXYGraph.h; sourceTree = "<group>"; };
		FEB338CE18D7A5FD00BA1D4D /* CPTXYPlotSpace.h */ = {isa = PBXFileReference; fileEncoding = 4; lastKnownFileType = sourcecode.c.h; path = CPTXYPlotSpace.h; sourceTree = "<group>"; };
		FEB338CF18D7A5FD00BA1D4D /* mainpage.h */ = {isa = PBXFileReference; fileEncoding = 4; lastKnownFileType = sourcecode.c.h; path = mainpage.h; sourceTree = "<group>"; };
		FEB338D018D7A5FD00BA1D4D /* NSCoderExtensions.h */ = {isa = PBXFileReference; fileEncoding = 4; lastKnownFileType = sourcecode.c.h; path = NSCoderExtensions.h; sourceTree = "<group>"; };
		FEB338D118D7A5FD00BA1D4D /* NSDecimalNumberExtensions.h */ = {isa = PBXFileReference; fileEncoding = 4; lastKnownFileType = sourcecode.c.h; path = NSDecimalNumberExtensions.h; sourceTree = "<group>"; };
		FEB338D218D7A5FD00BA1D4D /* NSNumberExtensions.h */ = {isa = PBXFileReference; fileEncoding = 4; lastKnownFileType = sourcecode.c.h; path = NSNumberExtensions.h; sourceTree = "<group>"; };
		FEB338D318D7A5FD00BA1D4D /* libCorePlot-CocoaTouch.a */ = {isa = PBXFileReference; lastKnownFileType = archive.ar; path = "libCorePlot-CocoaTouch.a"; sourceTree = "<group>"; };
		FEB338D618DA68FB00BA1D4D /* README.md */ = {isa = PBXFileReference; fileEncoding = 4; lastKnownFileType = text; path = README.md; sourceTree = "<group>"; };
		FEBA977418ECED03007E8245 /* BTHomeVC.h */ = {isa = PBXFileReference; fileEncoding = 4; lastKnownFileType = sourcecode.c.h; name = BTHomeVC.h; path = ../BTHomeVC.h; sourceTree = "<group>"; };
		FEBA977518ECED03007E8245 /* BTHomeVC.m */ = {isa = PBXFileReference; fileEncoding = 4; lastKnownFileType = sourcecode.c.objc; name = BTHomeVC.m; path = ../BTHomeVC.m; sourceTree = "<group>"; };
		FEBA977C18EF4A6C007E8245 /* BTSessionVC.h */ = {isa = PBXFileReference; fileEncoding = 4; lastKnownFileType = sourcecode.c.h; path = BTSessionVC.h; sourceTree = "<group>"; };
		FEBA977D18EF4A6C007E8245 /* BTSessionVC.m */ = {isa = PBXFileReference; fileEncoding = 4; lastKnownFileType = sourcecode.c.objc; path = BTSessionVC.m; sourceTree = "<group>"; };
		FEBA978218EF4EE7007E8245 /* BTMoleWhackViewer.h */ = {isa = PBXFileReference; fileEncoding = 4; lastKnownFileType = sourcecode.c.h; name = BTMoleWhackViewer.h; path = BrainTracker/BTMoleWhackViewer.h; sourceTree = "<group>"; };
		FEBA978318EF4EE7007E8245 /* BTMoleWhackViewer.m */ = {isa = PBXFileReference; fileEncoding = 4; lastKnownFileType = sourcecode.c.objc; name = BTMoleWhackViewer.m; path = BrainTracker/BTMoleWhackViewer.m; sourceTree = "<group>"; };
		FEBEC07B18E5ECC000CED03B /* BTMoleVC.h */ = {isa = PBXFileReference; fileEncoding = 4; lastKnownFileType = sourcecode.c.h; path = BTMoleVC.h; sourceTree = "<group>"; };
		FEBEC07C18E5ECC000CED03B /* BTMoleVC.m */ = {isa = PBXFileReference; fileEncoding = 4; lastKnownFileType = sourcecode.c.objc; path = BTMoleVC.m; sourceTree = "<group>"; };
		FEBEC08218E5F32B00CED03B /* BTMoleView.h */ = {isa = PBXFileReference; fileEncoding = 4; lastKnownFileType = sourcecode.c.h; path = BTMoleView.h; sourceTree = "<group>"; };
		FEBEC08318E5F32B00CED03B /* BTMoleView.m */ = {isa = PBXFileReference; fileEncoding = 4; lastKnownFileType = sourcecode.c.objc; path = BTMoleView.m; sourceTree = "<group>"; };
		FEBED29818F1A56B00CF28DC /* BTTouchReturnedProtocol.h */ = {isa = PBXFileReference; lastKnownFileType = sourcecode.c.h; name = BTTouchReturnedProtocol.h; path = BrainTracker/BTTouchReturnedProtocol.h; sourceTree = "<group>"; };
		FEBEE28519317B040056A5B2 /* BTSession.h */ = {isa = PBXFileReference; fileEncoding = 4; lastKnownFileType = sourcecode.c.h; path = BTSession.h; sourceTree = "<group>"; };
		FEBEE28619317B040056A5B2 /* BTSession.m */ = {isa = PBXFileReference; fileEncoding = 4; lastKnownFileType = sourcecode.c.objc; path = BTSession.m; sourceTree = "<group>"; };
		FED57F8D18CF737200B91DEA /* QuartzCore.framework */ = {isa = PBXFileReference; lastKnownFileType = wrapper.framework; name = QuartzCore.framework; path = System/Library/Frameworks/QuartzCore.framework; sourceTree = SDKROOT; };
		FED57F8F18CF757C00B91DEA /* BTChartVC.h */ = {isa = PBXFileReference; fileEncoding = 4; lastKnownFileType = sourcecode.c.h; path = BTChartVC.h; sourceTree = "<group>"; };
		FED57F9018CF757C00B91DEA /* BTChartVC.m */ = {isa = PBXFileReference; fileEncoding = 4; lastKnownFileType = sourcecode.c.objc; path = BTChartVC.m; sourceTree = "<group>"; };
		FEF7296718E9279E0094B30D /* BTResultsTrackerTestCase.m */ = {isa = PBXFileReference; fileEncoding = 4; lastKnownFileType = sourcecode.c.objc; name = BTResultsTrackerTestCase.m; path = ../BrainTracker/BTResultsTrackerTestCase.m; sourceTree = "<group>"; };
		FEFDCA0918DD513E0083F7EF /* BTWedgeView.h */ = {isa = PBXFileReference; fileEncoding = 4; lastKnownFileType = sourcecode.c.h; path = BTWedgeView.h; sourceTree = "<group>"; };
		FEFDCA0A18DD513E0083F7EF /* BTWedgeView.m */ = {isa = PBXFileReference; fileEncoding = 4; lastKnownFileType = sourcecode.c.objc; path = BTWedgeView.m; sourceTree = "<group>"; };
		FEFDCA1318DDD0E10083F7EF /* BTStartVC.h */ = {isa = PBXFileReference; fileEncoding = 4; lastKnownFileType = sourcecode.c.h; name = BTStartVC.h; path = ../BTStartVC.h; sourceTree = "<group>"; };
		FEFDCA1418DDD0E10083F7EF /* BTStartVC.m */ = {isa = PBXFileReference; fileEncoding = 4; lastKnownFileType = sourcecode.c.objc; name = BTStartVC.m; path = ../BTStartVC.m; sourceTree = "<group>"; };
/* End PBXFileReference section */

/* Begin PBXFrameworksBuildPhase section */
		FE9148C318C7CE8B00A694B5 /* Frameworks */ = {
			isa = PBXFrameworksBuildPhase;
			buildActionMask = 2147483647;
			files = (
				FEB3388318D7A53B00BA1D4D /* libCorePlot-CocoaTouch.a in Frameworks */,
				FED57F8E18CF737200B91DEA /* QuartzCore.framework in Frameworks */,
				FE5B4CAD18CBEE0C00409CA5 /* CoreData.framework in Frameworks */,
				FE9148CC18C7CE8B00A694B5 /* CoreGraphics.framework in Frameworks */,
				FE9148CE18C7CE8B00A694B5 /* UIKit.framework in Frameworks */,
				FE9148CA18C7CE8B00A694B5 /* Foundation.framework in Frameworks */,
				FEB338D418D7A5FD00BA1D4D /* libCorePlot-CocoaTouch.a in Frameworks */,
			);
			runOnlyForDeploymentPostprocessing = 0;
		};
		FE9148E718C7CE8B00A694B5 /* Frameworks */ = {
			isa = PBXFrameworksBuildPhase;
			buildActionMask = 2147483647;
			files = (
				FE9148EC18C7CE8B00A694B5 /* XCTest.framework in Frameworks */,
				FE9148EE18C7CE8B00A694B5 /* UIKit.framework in Frameworks */,
				FE9148ED18C7CE8B00A694B5 /* Foundation.framework in Frameworks */,
			);
			runOnlyForDeploymentPostprocessing = 0;
		};
/* End PBXFrameworksBuildPhase section */

/* Begin PBXGroup section */
		FE37D22B19875F850062F769 /* Old Files */ = {
			isa = PBXGroup;
			children = (
				FEFDCA1318DDD0E10083F7EF /* BTStartVC.h */,
				FEFDCA1418DDD0E10083F7EF /* BTStartVC.m */,
			);
			name = "Old Files";
			sourceTree = "<group>";
		};
		FE3A781218E0A6960049F45E /* PlayTab */ = {
			isa = PBXGroup;
			children = (
				FE3A780C18E0A4750049F45E /* BTPlayViewController.h */,
				FE3A780D18E0A4750049F45E /* BTPlayViewController.m */,
			);
			name = PlayTab;
			sourceTree = "<group>";
		};
		FE3CB5A318CA81B40025B040 /* BrainTracker Images */ = {
			isa = PBXGroup;
			children = (
				FE9148E418C7CE8B00A694B5 /* Images.xcassets */,
				FE5B4C9B18CA830600409CA5 /* home-7.png */,
				FE5B4C9D18CA831300409CA5 /* config30x30.png */,
				FE91491A18CA761D00A694B5 /* Chart_Up@2x.png */,
			);
			name = "BrainTracker Images";
			sourceTree = "<group>";
		};
		FE5B4CA818CBE5DE00409CA5 /* Core Data */ = {
			isa = PBXGroup;
			children = (
				FE5B4CA218CBE03900409CA5 /* BrainTest.xcdatamodeld */,
				FE7A475718F5CD1700BDC95D /* BTData.h */,
				FE7A475818F5CD1700BDC95D /* BTData.m */,
				FE7A475418F5CD1700BDC95D /* BTDataSession.h */,
				FE7A475518F5CD1700BDC95D /* BTDataSession.m */,
			);
			name = "Core Data";
			sourceTree = "<group>";
		};
		FE9148BD18C7CE8B00A694B5 = {
			isa = PBXGroup;
			children = (
				FEB338D618DA68FB00BA1D4D /* README.md */,
				FE9148CF18C7CE8B00A694B5 /* BrainTracker */,
				FE9148F118C7CE8B00A694B5 /* BrainTrackerTests */,
				FE9148C818C7CE8B00A694B5 /* Frameworks */,
				FE9148C718C7CE8B00A694B5 /* Products */,
			);
			sourceTree = "<group>";
		};
		FE9148C718C7CE8B00A694B5 /* Products */ = {
			isa = PBXGroup;
			children = (
				FE9148C618C7CE8B00A694B5 /* BrainTracker.app */,
				FE9148EA18C7CE8B00A694B5 /* BrainTrackerTests.xctest */,
			);
			name = Products;
			sourceTree = "<group>";
		};
		FE9148C818C7CE8B00A694B5 /* Frameworks */ = {
			isa = PBXGroup;
			children = (
				FEB3382F18D79D5000BA1D4D /* libCorePlot-CocoaTouch.a */,
				FED57F8D18CF737200B91DEA /* QuartzCore.framework */,
				FE5B4CAC18CBEE0C00409CA5 /* CoreData.framework */,
				FE9148C918C7CE8B00A694B5 /* Foundation.framework */,
				FE9148CB18C7CE8B00A694B5 /* CoreGraphics.framework */,
				FE9148CD18C7CE8B00A694B5 /* UIKit.framework */,
				FE9148EB18C7CE8B00A694B5 /* XCTest.framework */,
			);
			name = Frameworks;
			sourceTree = "<group>";
		};
		FE9148CF18C7CE8B00A694B5 /* BrainTracker */ = {
			isa = PBXGroup;
			children = (
				FE9148DB18C7CE8B00A694B5 /* Main.storyboard */,
				FEBA977A18EE105A007E8245 /* View Controllers */,
				FE3A781218E0A6960049F45E /* PlayTab */,
				FE91490D18C7D06500A694B5 /* Model */,
				FE91491618C7D38F00A694B5 /* View */,
				FE5B4CA818CBE5DE00409CA5 /* Core Data */,
				FEB338D518D7A60D00BA1D4D /* CorePlot */,
				FE9148D018C7CE8B00A694B5 /* Supporting Files */,
				FE3CB5A318CA81B40025B040 /* BrainTracker Images */,
			);
			path = BrainTracker;
			sourceTree = "<group>";
		};
		FE9148D018C7CE8B00A694B5 /* Supporting Files */ = {
			isa = PBXGroup;
			children = (
				FE37D22B19875F850062F769 /* Old Files */,
				FE9148D818C7CE8B00A694B5 /* BTAppDelegate.h */,
				FE9148D918C7CE8B00A694B5 /* BTAppDelegate.m */,
				FE9148D118C7CE8B00A694B5 /* BrainTracker-Info.plist */,
				FE9148D218C7CE8B00A694B5 /* InfoPlist.strings */,
				FE9148D518C7CE8B00A694B5 /* main.m */,
				FE9148D718C7CE8B00A694B5 /* BrainTracker-Prefix.pch */,
			);
			name = "Supporting Files";
			sourceTree = "<group>";
		};
		FE9148F118C7CE8B00A694B5 /* BrainTrackerTests */ = {
			isa = PBXGroup;
			children = (
				FEF7296718E9279E0094B30D /* BTResultsTrackerTestCase.m */,
				FE9148F218C7CE8B00A694B5 /* Supporting Files */,
			);
			path = BrainTrackerTests;
			sourceTree = "<group>";
		};
		FE9148F218C7CE8B00A694B5 /* Supporting Files */ = {
			isa = PBXGroup;
			children = (
				FE9148F318C7CE8B00A694B5 /* BrainTrackerTests-Info.plist */,
				FE9148F418C7CE8B00A694B5 /* InfoPlist.strings */,
			);
			name = "Supporting Files";
			sourceTree = "<group>";
		};
		FE91490D18C7D06500A694B5 /* Model */ = {
			isa = PBXGroup;
			children = (
				FE91490418C7D02F00A694B5 /* BTResponse.h */,
				FE91490518C7D02F00A694B5 /* BTResponse.m */,
				FEA1F3B718F21B87002060CC /* BTStimulus.h */,
				FEA1F3B818F21B87002060CC /* BTStimulus.m */,
				FE91490A18C7D05A00A694B5 /* BTResultsTracker.h */,
				FE91490B18C7D05A00A694B5 /* BTResultsTracker.m */,
				FEBEE28519317B040056A5B2 /* BTSession.h */,
				FEBEE28619317B040056A5B2 /* BTSession.m */,
			);
			name = Model;
			sourceTree = "<group>";
		};
		FE91491618C7D38F00A694B5 /* View */ = {
			isa = PBXGroup;
			children = (
				FEBED29818F1A56B00CF28DC /* BTTouchReturnedProtocol.h */,
				FE3A780F18E0A6850049F45E /* BTStimulusResponseView.h */,
				FE3A781018E0A6850049F45E /* BTStimulusResponseView.m */,
				FEBA977B18EE5639007E8245 /* BTStimulusResponseViewSubclasses */,
				FEBA978218EF4EE7007E8245 /* BTMoleWhackViewer.h */,
				FEBA978318EF4EE7007E8245 /* BTMoleWhackViewer.m */,
				FEBEC08218E5F32B00CED03B /* BTMoleView.h */,
				FEBEC08318E5F32B00CED03B /* BTMoleView.m */,
				FEFDCA0918DD513E0083F7EF /* BTWedgeView.h */,
				FEFDCA0A18DD513E0083F7EF /* BTWedgeView.m */,
				FE5B8DC4190C574700DA47E0 /* BTResultsTableViewCell.h */,
				FE5B8DC5190C574700DA47E0 /* BTResultsTableViewCell.m */,
			);
			name = View;
			path = ..;
			sourceTree = "<group>";
		};
		FEB3388418D7A5FD00BA1D4D /* CorePlotHeaders */ = {
			isa = PBXGroup;
			children = (
				FEB3388518D7A5FD00BA1D4D /* CorePlot-CocoaTouch.h */,
				FEB3388618D7A5FD00BA1D4D /* CPTAnimation.h */,
				FEB3388718D7A5FD00BA1D4D /* CPTAnimationOperation.h */,
				FEB3388818D7A5FD00BA1D4D /* CPTAnimationPeriod.h */,
				FEB3388918D7A5FD00BA1D4D /* CPTAnnotation.h */,
				FEB3388A18D7A5FD00BA1D4D /* CPTAnnotationHostLayer.h */,
				FEB3388B18D7A5FD00BA1D4D /* CPTAxis.h */,
				FEB3388C18D7A5FD00BA1D4D /* CPTAxisLabel.h */,
				FEB3388D18D7A5FD00BA1D4D /* CPTAxisLabelGroup.h */,
				FEB3388E18D7A5FD00BA1D4D /* CPTAxisSet.h */,
				FEB3388F18D7A5FD00BA1D4D /* CPTAxisTitle.h */,
				FEB3389018D7A5FD00BA1D4D /* CPTBarPlot.h */,
				FEB3389118D7A5FD00BA1D4D /* CPTBorderedLayer.h */,
				FEB3389218D7A5FD00BA1D4D /* CPTCalendarFormatter.h */,
				FEB3389318D7A5FD00BA1D4D /* CPTColor.h */,
				FEB3389418D7A5FD00BA1D4D /* CPTColorSpace.h */,
				FEB3389518D7A5FD00BA1D4D /* CPTConstraints.h */,
				FEB3389618D7A5FD00BA1D4D /* CPTDataSourceTestCase.h */,
				FEB3389718D7A5FD00BA1D4D /* CPTDefinitions.h */,
				FEB3389818D7A5FD00BA1D4D /* CPTDerivedXYGraph.h */,
				FEB3389918D7A5FD00BA1D4D /* CPTExceptions.h */,
				FEB3389A18D7A5FD00BA1D4D /* CPTFill.h */,
				FEB3389B18D7A5FD00BA1D4D /* CPTFunctionDataSource.h */,
				FEB3389C18D7A5FD00BA1D4D /* CPTGradient.h */,
				FEB3389D18D7A5FD00BA1D4D /* CPTGraph.h */,
				FEB3389E18D7A5FD00BA1D4D /* CPTGraphHostingView.h */,
				FEB3389F18D7A5FD00BA1D4D /* CPTGridLineGroup.h */,
				FEB338A018D7A5FD00BA1D4D /* CPTGridLines.h */,
				FEB338A118D7A5FD00BA1D4D /* CPTImage.h */,
				FEB338A218D7A5FD00BA1D4D /* CPTLayer.h */,
				FEB338A318D7A5FD00BA1D4D /* CPTLayerAnnotation.h */,
				FEB338A418D7A5FD00BA1D4D /* CPTLegend.h */,
				FEB338A518D7A5FD00BA1D4D /* CPTLegendEntry.h */,
				FEB338A618D7A5FD00BA1D4D /* CPTLimitBand.h */,
				FEB338A718D7A5FD00BA1D4D /* CPTLineCap.h */,
				FEB338A818D7A5FD00BA1D4D /* CPTLineStyle.h */,
				FEB338A918D7A5FD00BA1D4D /* CPTMutableLineStyle.h */,
				FEB338AA18D7A5FD00BA1D4D /* CPTMutableNumericData+TypeConversion.h */,
				FEB338AB18D7A5FD00BA1D4D /* CPTMutableNumericData.h */,
				FEB338AC18D7A5FD00BA1D4D /* CPTMutablePlotRange.h */,
				FEB338AD18D7A5FD00BA1D4D /* CPTMutableShadow.h */,
				FEB338AE18D7A5FD00BA1D4D /* CPTMutableTextStyle.h */,
				FEB338AF18D7A5FD00BA1D4D /* CPTNumericData+TypeConversion.h */,
				FEB338B018D7A5FD00BA1D4D /* CPTNumericData.h */,
				FEB338B118D7A5FD00BA1D4D /* CPTNumericDataType.h */,
				FEB338B218D7A5FD00BA1D4D /* CPTPathExtensions.h */,
				FEB338B318D7A5FD00BA1D4D /* CPTPieChart.h */,
				FEB338B418D7A5FD00BA1D4D /* CPTPlatformSpecificCategories.h */,
				FEB338B518D7A5FD00BA1D4D /* CPTPlatformSpecificDefines.h */,
				FEB338B618D7A5FD00BA1D4D /* CPTPlatformSpecificFunctions.h */,
				FEB338B718D7A5FD00BA1D4D /* CPTPlot.h */,
				FEB338B818D7A5FD00BA1D4D /* CPTPlotArea.h */,
				FEB338B918D7A5FD00BA1D4D /* CPTPlotAreaFrame.h */,
				FEB338BA18D7A5FD00BA1D4D /* CPTPlotGroup.h */,
				FEB338BB18D7A5FD00BA1D4D /* CPTPlotRange.h */,
				FEB338BC18D7A5FD00BA1D4D /* CPTPlotSpace.h */,
				FEB338BD18D7A5FD00BA1D4D /* CPTPlotSpaceAnnotation.h */,
				FEB338BE18D7A5FD00BA1D4D /* CPTPlotSymbol.h */,
				FEB338BF18D7A5FD00BA1D4D /* CPTRangePlot.h */,
				FEB338C018D7A5FD00BA1D4D /* CPTResponder.h */,
				FEB338C118D7A5FD00BA1D4D /* CPTScatterPlot.h */,
				FEB338C218D7A5FD00BA1D4D /* CPTShadow.h */,
				FEB338C318D7A5FD00BA1D4D /* CPTTestCase.h */,
				FEB338C418D7A5FD00BA1D4D /* CPTTextLayer.h */,
				FEB338C518D7A5FD00BA1D4D /* CPTTextStyle.h */,
				FEB338C618D7A5FD00BA1D4D /* CPTTextStylePlatformSpecific.h */,
				FEB338C718D7A5FD00BA1D4D /* CPTTheme.h */,
				FEB338C818D7A5FD00BA1D4D /* CPTTimeFormatter.h */,
				FEB338C918D7A5FD00BA1D4D /* CPTTradingRangePlot.h */,
				FEB338CA18D7A5FD00BA1D4D /* CPTUtilities.h */,
				FEB338CB18D7A5FD00BA1D4D /* CPTXYAxis.h */,
				FEB338CC18D7A5FD00BA1D4D /* CPTXYAxisSet.h */,
				FEB338CD18D7A5FD00BA1D4D /* CPTXYGraph.h */,
				FEB338CE18D7A5FD00BA1D4D /* CPTXYPlotSpace.h */,
				FEB338CF18D7A5FD00BA1D4D /* mainpage.h */,
				FEB338D018D7A5FD00BA1D4D /* NSCoderExtensions.h */,
				FEB338D118D7A5FD00BA1D4D /* NSDecimalNumberExtensions.h */,
				FEB338D218D7A5FD00BA1D4D /* NSNumberExtensions.h */,
			);
			path = CorePlotHeaders;
			sourceTree = "<group>";
		};
		FEB338D518D7A60D00BA1D4D /* CorePlot */ = {
			isa = PBXGroup;
			children = (
				FEB3388418D7A5FD00BA1D4D /* CorePlotHeaders */,
				FEB338D318D7A5FD00BA1D4D /* libCorePlot-CocoaTouch.a */,
			);
			name = CorePlot;
			sourceTree = "<group>";
		};
		FEBA977A18EE105A007E8245 /* View Controllers */ = {
			isa = PBXGroup;
			children = (
				FEBA977418ECED03007E8245 /* BTHomeVC.h */,
				FEBA977518ECED03007E8245 /* BTHomeVC.m */,
				FE5B4C9F18CA86A900409CA5 /* BTResultsVC.h */,
				FE5B4CA018CA86A900409CA5 /* BTResultsVC.m */,
				FEBA977C18EF4A6C007E8245 /* BTSessionVC.h */,
				FEBA977D18EF4A6C007E8245 /* BTSessionVC.m */,
				FEBEC07B18E5ECC000CED03B /* BTMoleVC.h */,
				FEBEC07C18E5ECC000CED03B /* BTMoleVC.m */,
				FED57F8F18CF757C00B91DEA /* BTChartVC.h */,
				FED57F9018CF757C00B91DEA /* BTChartVC.m */,
				FE9148E118C7CE8B00A694B5 /* BTSettingsVC.h */,
				FE9148E218C7CE8B00A694B5 /* BTSettingsVC.m */,
			);
			name = "View Controllers";
			sourceTree = "<group>";
		};
		FEBA977B18EE5639007E8245 /* BTStimulusResponseViewSubclasses */ = {
			isa = PBXGroup;
			children = (
				FE8BB5EA18E7DB50004A7F19 /* BTStartView.h */,
				FE8BB5EB18E7DB50004A7F19 /* BTStartView.m */,
				FE91491018C7D36500A694B5 /* BTResponseView.h */,
				FE91491118C7D36500A694B5 /* BTResponseView.m */,
			);
			name = BTStimulusResponseViewSubclasses;
			sourceTree = "<group>";
		};
/* End PBXGroup section */

/* Begin PBXNativeTarget section */
		FE9148C518C7CE8B00A694B5 /* BrainTracker */ = {
			isa = PBXNativeTarget;
			buildConfigurationList = FE9148FB18C7CE8B00A694B5 /* Build configuration list for PBXNativeTarget "BrainTracker" */;
			buildPhases = (
				FE9148C218C7CE8B00A694B5 /* Sources */,
				FE9148C318C7CE8B00A694B5 /* Frameworks */,
				FE9148C418C7CE8B00A694B5 /* Resources */,
			);
			buildRules = (
			);
			dependencies = (
			);
			name = BrainTracker;
			productName = BrainTracker;
			productReference = FE9148C618C7CE8B00A694B5 /* BrainTracker.app */;
			productType = "com.apple.product-type.application";
		};
		FE9148E918C7CE8B00A694B5 /* BrainTrackerTests */ = {
			isa = PBXNativeTarget;
			buildConfigurationList = FE9148FE18C7CE8B00A694B5 /* Build configuration list for PBXNativeTarget "BrainTrackerTests" */;
			buildPhases = (
				FE9148E618C7CE8B00A694B5 /* Sources */,
				FE9148E718C7CE8B00A694B5 /* Frameworks */,
				FE9148E818C7CE8B00A694B5 /* Resources */,
			);
			buildRules = (
			);
			dependencies = (
				FE9148F018C7CE8B00A694B5 /* PBXTargetDependency */,
			);
			name = BrainTrackerTests;
			productName = BrainTrackerTests;
			productReference = FE9148EA18C7CE8B00A694B5 /* BrainTrackerTests.xctest */;
			productType = "com.apple.product-type.bundle.unit-test";
		};
/* End PBXNativeTarget section */

/* Begin PBXProject section */
		FE9148BE18C7CE8B00A694B5 /* Project object */ = {
			isa = PBXProject;
			attributes = {
				CLASSPREFIX = BT;
				LastUpgradeCheck = 0510;
				ORGANIZATIONNAME = "Richard Sprague";
				TargetAttributes = {
					FE9148C518C7CE8B00A694B5 = {
						DevelopmentTeam = 4RZ2RJUXC8;
					};
					FE9148E918C7CE8B00A694B5 = {
						TestTargetID = FE9148C518C7CE8B00A694B5;
					};
				};
			};
			buildConfigurationList = FE9148C118C7CE8B00A694B5 /* Build configuration list for PBXProject "BrainTracker" */;
			compatibilityVersion = "Xcode 3.2";
			developmentRegion = English;
			hasScannedForEncodings = 0;
			knownRegions = (
				en,
				Base,
			);
			mainGroup = FE9148BD18C7CE8B00A694B5;
			productRefGroup = FE9148C718C7CE8B00A694B5 /* Products */;
			projectDirPath = "";
			projectRoot = "";
			targets = (
				FE9148C518C7CE8B00A694B5 /* BrainTracker */,
				FE9148E918C7CE8B00A694B5 /* BrainTrackerTests */,
			);
		};
/* End PBXProject section */

/* Begin PBXResourcesBuildPhase section */
		FE9148C418C7CE8B00A694B5 /* Resources */ = {
			isa = PBXResourcesBuildPhase;
			buildActionMask = 2147483647;
			files = (
				FE5B4C9E18CA831300409CA5 /* config30x30.png in Resources */,
				FE9148E518C7CE8B00A694B5 /* Images.xcassets in Resources */,
				FE9148D418C7CE8B00A694B5 /* InfoPlist.strings in Resources */,
				FEB338D718DA68FB00BA1D4D /* README.md in Resources */,
				FE91491B18CA761D00A694B5 /* Chart_Up@2x.png in Resources */,
				FE5B4C9C18CA830600409CA5 /* home-7.png in Resources */,
				FE9148DD18C7CE8B00A694B5 /* Main.storyboard in Resources */,
			);
			runOnlyForDeploymentPostprocessing = 0;
		};
		FE9148E818C7CE8B00A694B5 /* Resources */ = {
			isa = PBXResourcesBuildPhase;
			buildActionMask = 2147483647;
			files = (
				FE9148F618C7CE8B00A694B5 /* InfoPlist.strings in Resources */,
			);
			runOnlyForDeploymentPostprocessing = 0;
		};
/* End PBXResourcesBuildPhase section */

/* Begin PBXSourcesBuildPhase section */
		FE9148C218C7CE8B00A694B5 /* Sources */ = {
			isa = PBXSourcesBuildPhase;
			buildActionMask = 2147483647;
			files = (
				FE7A475618F5CD1700BDC95D /* BTDataSession.m in Sources */,
				FE3A781118E0A6850049F45E /* BTStimulusResponseView.m in Sources */,
				FEBEE28719317B040056A5B2 /* BTSession.m in Sources */,
				FE9148E318C7CE8B00A694B5 /* BTSettingsVC.m in Sources */,
				FEBA977E18EF4A6C007E8245 /* BTSessionVC.m in Sources */,
				FEFDCA0B18DD513E0083F7EF /* BTWedgeView.m in Sources */,
				FEBA977618ECED03007E8245 /* BTHomeVC.m in Sources */,
				FEA1F3B918F21B87002060CC /* BTStimulus.m in Sources */,
				FE7A475918F5CD1700BDC95D /* BTData.m in Sources */,
				FEFDCA1518DDD0E10083F7EF /* BTStartVC.m in Sources */,
				FE3A780E18E0A4750049F45E /* BTPlayViewController.m in Sources */,
				FEBA978418EF4EE7007E8245 /* BTMoleWhackViewer.m in Sources */,
				FE5B4CA118CA86A900409CA5 /* BTResultsVC.m in Sources */,
				FE91491218C7D36500A694B5 /* BTResponseView.m in Sources */,
				FE91490C18C7D05A00A694B5 /* BTResultsTracker.m in Sources */,
				FED57F9118CF757C00B91DEA /* BTChartVC.m in Sources */,
				FEBEC08418E5F32B00CED03B /* BTMoleView.m in Sources */,
				FE5B8DC6190C574700DA47E0 /* BTResultsTableViewCell.m in Sources */,
				FE9148DA18C7CE8B00A694B5 /* BTAppDelegate.m in Sources */,
				FE9148D618C7CE8B00A694B5 /* main.m in Sources */,
				FE8BB5EC18E7DB50004A7F19 /* BTStartView.m in Sources */,
				FE5B4CA418CBE03900409CA5 /* BrainTest.xcdatamodeld in Sources */,
				FEBEC07D18E5ECC000CED03B /* BTMoleVC.m in Sources */,
				FE91490618C7D02F00A694B5 /* BTResponse.m in Sources */,
			);
			runOnlyForDeploymentPostprocessing = 0;
		};
		FE9148E618C7CE8B00A694B5 /* Sources */ = {
			isa = PBXSourcesBuildPhase;
			buildActionMask = 2147483647;
			files = (
				FEF7296818E9279E0094B30D /* BTResultsTrackerTestCase.m in Sources */,
			);
			runOnlyForDeploymentPostprocessing = 0;
		};
/* End PBXSourcesBuildPhase section */

/* Begin PBXTargetDependency section */
		FE9148F018C7CE8B00A694B5 /* PBXTargetDependency */ = {
			isa = PBXTargetDependency;
			target = FE9148C518C7CE8B00A694B5 /* BrainTracker */;
			targetProxy = FE9148EF18C7CE8B00A694B5 /* PBXContainerItemProxy */;
		};
/* End PBXTargetDependency section */

/* Begin PBXVariantGroup section */
		FE9148D218C7CE8B00A694B5 /* InfoPlist.strings */ = {
			isa = PBXVariantGroup;
			children = (
				FE9148D318C7CE8B00A694B5 /* en */,
			);
			name = InfoPlist.strings;
			sourceTree = "<group>";
		};
		FE9148DB18C7CE8B00A694B5 /* Main.storyboard */ = {
			isa = PBXVariantGroup;
			children = (
				FE9148DC18C7CE8B00A694B5 /* Base */,
			);
			name = Main.storyboard;
			sourceTree = "<group>";
		};
		FE9148F418C7CE8B00A694B5 /* InfoPlist.strings */ = {
			isa = PBXVariantGroup;
			children = (
				FE9148F518C7CE8B00A694B5 /* en */,
			);
			name = InfoPlist.strings;
			sourceTree = "<group>";
		};
/* End PBXVariantGroup section */

/* Begin XCBuildConfiguration section */
		FE9148F918C7CE8B00A694B5 /* Debug */ = {
			isa = XCBuildConfiguration;
			buildSettings = {
				ALWAYS_SEARCH_USER_PATHS = NO;
				CLANG_CXX_LANGUAGE_STANDARD = "gnu++0x";
				CLANG_CXX_LIBRARY = "libc++";
				CLANG_ENABLE_MODULES = YES;
				CLANG_ENABLE_OBJC_ARC = YES;
				CLANG_WARN_BOOL_CONVERSION = YES;
				CLANG_WARN_CONSTANT_CONVERSION = YES;
				CLANG_WARN_DIRECT_OBJC_ISA_USAGE = YES_ERROR;
				CLANG_WARN_EMPTY_BODY = YES;
				CLANG_WARN_ENUM_CONVERSION = YES;
				CLANG_WARN_INT_CONVERSION = YES;
				CLANG_WARN_OBJC_ROOT_CLASS = YES_ERROR;
				CLANG_WARN__DUPLICATE_METHOD_MATCH = YES;
				"CODE_SIGN_IDENTITY[sdk=iphoneos*]" = "iPhone Developer";
				COPY_PHASE_STRIP = NO;
				GCC_C_LANGUAGE_STANDARD = gnu99;
				GCC_DYNAMIC_NO_PIC = NO;
				GCC_OPTIMIZATION_LEVEL = 0;
				GCC_PREPROCESSOR_DEFINITIONS = (
					"DEBUG=1",
					"$(inherited)",
				);
				GCC_SYMBOLS_PRIVATE_EXTERN = NO;
				GCC_WARN_64_TO_32_BIT_CONVERSION = YES;
				GCC_WARN_ABOUT_RETURN_TYPE = YES_ERROR;
				GCC_WARN_UNDECLARED_SELECTOR = YES;
				GCC_WARN_UNINITIALIZED_AUTOS = YES;
				GCC_WARN_UNUSED_FUNCTION = YES;
				GCC_WARN_UNUSED_VARIABLE = YES;
				IPHONEOS_DEPLOYMENT_TARGET = 7.1;
				ONLY_ACTIVE_ARCH = YES;
				"PROVISIONING_PROFILE[sdk=*]" = "";
				SDKROOT = iphoneos;
			};
			name = Debug;
		};
		FE9148FA18C7CE8B00A694B5 /* Release */ = {
			isa = XCBuildConfiguration;
			buildSettings = {
				ALWAYS_SEARCH_USER_PATHS = NO;
				CLANG_CXX_LANGUAGE_STANDARD = "gnu++0x";
				CLANG_CXX_LIBRARY = "libc++";
				CLANG_ENABLE_MODULES = YES;
				CLANG_ENABLE_OBJC_ARC = YES;
				CLANG_WARN_BOOL_CONVERSION = YES;
				CLANG_WARN_CONSTANT_CONVERSION = YES;
				CLANG_WARN_DIRECT_OBJC_ISA_USAGE = YES_ERROR;
				CLANG_WARN_EMPTY_BODY = YES;
				CLANG_WARN_ENUM_CONVERSION = YES;
				CLANG_WARN_INT_CONVERSION = YES;
				CLANG_WARN_OBJC_ROOT_CLASS = YES_ERROR;
				CLANG_WARN__DUPLICATE_METHOD_MATCH = YES;
				"CODE_SIGN_IDENTITY[sdk=iphoneos*]" = "iPhone Developer";
				COPY_PHASE_STRIP = YES;
				ENABLE_NS_ASSERTIONS = NO;
				GCC_C_LANGUAGE_STANDARD = gnu99;
				GCC_WARN_64_TO_32_BIT_CONVERSION = YES;
				"GCC_WARN_64_TO_32_BIT_CONVERSION[arch=*64]" = YES;
				GCC_WARN_ABOUT_RETURN_TYPE = YES_ERROR;
				GCC_WARN_UNDECLARED_SELECTOR = YES;
				GCC_WARN_UNINITIALIZED_AUTOS = YES;
				GCC_WARN_UNUSED_FUNCTION = YES;
				GCC_WARN_UNUSED_VARIABLE = YES;
				IPHONEOS_DEPLOYMENT_TARGET = 7.1;
				ONLY_ACTIVE_ARCH = NO;
				SDKROOT = iphoneos;
				VALIDATE_PRODUCT = YES;
			};
			name = Release;
		};
		FE9148FC18C7CE8B00A694B5 /* Debug */ = {
			isa = XCBuildConfiguration;
			buildSettings = {
				ASSETCATALOG_COMPILER_APPICON_NAME = AppIcon;
				ASSETCATALOG_COMPILER_LAUNCHIMAGE_NAME = LaunchImage;
				CODE_SIGN_IDENTITY = "iPhone Developer";
				"CODE_SIGN_IDENTITY[sdk=iphoneos*]" = "iPhone Developer";
				GCC_PRECOMPILE_PREFIX_HEADER = YES;
				GCC_PREFIX_HEADER = "BrainTracker/BrainTracker-Prefix.pch";
				INFOPLIST_FILE = "BrainTracker/BrainTracker-Info.plist";
				IPHONEOS_DEPLOYMENT_TARGET = 7.1;
				LIBRARY_SEARCH_PATHS = (
					"$(inherited)",
					"$(PROJECT_DIR)/BrainTracker",
					/Users/sprague/OneDrive/Projects/Programming/CorePlot_1.5.1/Binaries/iOS,
				);
				"OTHER_LDFLAGS[arch=*]" = "-ObjC";
				PRODUCT_NAME = "$(TARGET_NAME)";
				PROVISIONING_PROFILE = "74F5A046-14E0-4E1F-BE4D-D4EE90D27D48";
				"PROVISIONING_PROFILE[sdk=*]" = "74F5A046-14E0-4E1F-BE4D-D4EE90D27D48";
				WRAPPER_EXTENSION = app;
			};
			name = Debug;
		};
		FE9148FD18C7CE8B00A694B5 /* Release */ = {
			isa = XCBuildConfiguration;
			buildSettings = {
				ASSETCATALOG_COMPILER_APPICON_NAME = AppIcon;
				ASSETCATALOG_COMPILER_LAUNCHIMAGE_NAME = LaunchImage;
				CODE_SIGN_IDENTITY = "iPhone Developer";
				"CODE_SIGN_IDENTITY[sdk=iphoneos*]" = "iPhone Developer";
				GCC_PRECOMPILE_PREFIX_HEADER = YES;
				GCC_PREFIX_HEADER = "BrainTracker/BrainTracker-Prefix.pch";
				"GCC_WARN_64_TO_32_BIT_CONVERSION[arch=*64]" = YES;
				INFOPLIST_FILE = "BrainTracker/BrainTracker-Info.plist";
				IPHONEOS_DEPLOYMENT_TARGET = 7.1;
				LIBRARY_SEARCH_PATHS = (
					"$(inherited)",
					"$(PROJECT_DIR)/BrainTracker",
					/Users/sprague/OneDrive/Projects/Programming/CorePlot_1.5.1/Binaries/iOS,
				);
				"OTHER_LDFLAGS[arch=*]" = "-ObjC";
				PRODUCT_NAME = "$(TARGET_NAME)";
				PROVISIONING_PROFILE = "";
				WRAPPER_EXTENSION = app;
			};
			name = Release;
		};
		FE9148FF18C7CE8B00A694B5 /* Debug */ = {
			isa = XCBuildConfiguration;
			buildSettings = {
				BUNDLE_LOADER = "$(BUILT_PRODUCTS_DIR)/BrainTracker.app/BrainTracker";
				FRAMEWORK_SEARCH_PATHS = (
					"$(SDKROOT)/Developer/Library/Frameworks",
					"$(inherited)",
					"$(DEVELOPER_FRAMEWORKS_DIR)",
				);
				GCC_PRECOMPILE_PREFIX_HEADER = YES;
				GCC_PREFIX_HEADER = "BrainTracker/BrainTracker-Prefix.pch";
				GCC_PREPROCESSOR_DEFINITIONS = (
					"DEBUG=1",
					"$(inherited)",
				);
				INFOPLIST_FILE = "BrainTrackerTests/BrainTrackerTests-Info.plist";
				PRODUCT_NAME = "$(TARGET_NAME)";
				TEST_HOST = "$(BUNDLE_LOADER)";
				WRAPPER_EXTENSION = xctest;
			};
			name = Debug;
		};
		FE91490018C7CE8B00A694B5 /* Release */ = {
			isa = XCBuildConfiguration;
			buildSettings = {
				BUNDLE_LOADER = "$(BUILT_PRODUCTS_DIR)/BrainTracker.app/BrainTracker";
				FRAMEWORK_SEARCH_PATHS = (
					"$(SDKROOT)/Developer/Library/Frameworks",
					"$(inherited)",
					"$(DEVELOPER_FRAMEWORKS_DIR)",
				);
				GCC_PRECOMPILE_PREFIX_HEADER = YES;
				GCC_PREFIX_HEADER = "BrainTracker/BrainTracker-Prefix.pch";
				INFOPLIST_FILE = "BrainTrackerTests/BrainTrackerTests-Info.plist";
				PRODUCT_NAME = "$(TARGET_NAME)";
				TEST_HOST = "$(BUNDLE_LOADER)";
				WRAPPER_EXTENSION = xctest;
			};
			name = Release;
		};
/* End XCBuildConfiguration section */

/* Begin XCConfigurationList section */
		FE9148C118C7CE8B00A694B5 /* Build configuration list for PBXProject "BrainTracker" */ = {
			isa = XCConfigurationList;
			buildConfigurations = (
				FE9148F918C7CE8B00A694B5 /* Debug */,
				FE9148FA18C7CE8B00A694B5 /* Release */,
			);
			defaultConfigurationIsVisible = 0;
			defaultConfigurationName = Release;
		};
		FE9148FB18C7CE8B00A694B5 /* Build configuration list for PBXNativeTarget "BrainTracker" */ = {
			isa = XCConfigurationList;
			buildConfigurations = (
				FE9148FC18C7CE8B00A694B5 /* Debug */,
				FE9148FD18C7CE8B00A694B5 /* Release */,
			);
			defaultConfigurationIsVisible = 0;
			defaultConfigurationName = Release;
		};
		FE9148FE18C7CE8B00A694B5 /* Build configuration list for PBXNativeTarget "BrainTrackerTests" */ = {
			isa = XCConfigurationList;
			buildConfigurations = (
				FE9148FF18C7CE8B00A694B5 /* Debug */,
				FE91490018C7CE8B00A694B5 /* Release */,
			);
			defaultConfigurationIsVisible = 0;
			defaultConfigurationName = Release;
		};
/* End XCConfigurationList section */

/* Begin XCVersionGroup section */
		FE5B4CA218CBE03900409CA5 /* BrainTest.xcdatamodeld */ = {
			isa = XCVersionGroup;
			children = (
				FE5B4CA318CBE03900409CA5 /* BrainTest.xcdatamodel */,
			);
			currentVersion = FE5B4CA318CBE03900409CA5 /* BrainTest.xcdatamodel */;
			path = BrainTest.xcdatamodeld;
			sourceTree = "<group>";
			versionGroupType = wrapper.xcdatamodel;
		};
/* End XCVersionGroup section */
	};
	rootObject = FE9148BE18C7CE8B00A694B5 /* Project object */;
}
